<?xml version="1.0" encoding="utf-8"?>
<Project ToolsVersion="12.0" xmlns="http://schemas.microsoft.com/developer/msbuild/2003">
  <ItemGroup>
    <Filter Include="Common">
      <UniqueIdentifier>{4f5b66c1-fb8f-47b9-ad41-a520fa7994b6}</UniqueIdentifier>
    </Filter>
    <Filter Include="Assets">
      <UniqueIdentifier>{7b81fce8-7179-4b2b-8b1d-1c4928909a96}</UniqueIdentifier>
    </Filter>
    <Filter Include="GLKitComplex">
      <UniqueIdentifier>{06D749A9-0DBC-4EC8-8E3F-768A415790C7}</UniqueIdentifier>
    </Filter>
    <Filter Include="GLKitComplex\Data">
      <UniqueIdentifier>{204A920C-09D4-49D6-A4BF-E4E4D62579BC}</UniqueIdentifier>
    </Filter>
    <Filter Include="GLKitComplex\Supporting Files">
      <UniqueIdentifier>{CC192C8C-5905-48A9-866E-A7A321FE4E27}</UniqueIdentifier>
    </Filter>
    <Filter Include="Xcode Variable Files">
      <UniqueIdentifier>{D6B1DA99-5F68-4B65-9601-37448024359D}</UniqueIdentifier>
    </Filter>
  </ItemGroup>
  <ItemGroup>
    <Image Include="Assets\Logo.scale-100.png">
      <Filter>Assets</Filter>
    </Image>
    <Image Include="Assets\SmallLogo.scale-100.png">
      <Filter>Assets</Filter>
    </Image>
    <Image Include="Assets\StoreLogo.scale-100.png">
      <Filter>Assets</Filter>
    </Image>
    <Image Include="Assets\SplashScreen.scale-100.png">
      <Filter>Assets</Filter>
    </Image>
    <ClangCompile Include="..\..\GLKitComplex\Mesh.mm">
      <Filter>GLKitComplex</Filter>
    </ClangCompile>
    <ClangCompile Include="..\..\GLKitComplex\GLKitComplex.mm">
      <Filter>GLKitComplex</Filter>
    </ClangCompile>
    <ClangCompile Include="..\..\GLKitComplex\main.m">
      <Filter>GLKitComplex\Supporting Files</Filter>
    </ClangCompile>
    <ClangCompile Include="..\..\GLKitComplex\GLRenderer.mm">
      <Filter>GLKitComplex</Filter>
    </ClangCompile>
    <SBResourceCopy Include="..\..\GLKitComplex\Data\teapot_decal.png">
      <Filter>GLKitComplex\Data</Filter>
    </SBResourceCopy>
    <SBResourceCopy Include="..\..\GLKitComplex\Data\teapot_specular.png">
      <Filter>GLKitComplex\Data</Filter>
    </SBResourceCopy>
    <SBResourceCopy Include="..\..\GLKitComplex\Data\lobbyzneg.JPG">
      <Filter>GLKitComplex\Data</Filter>
    </SBResourceCopy>
    <SBResourceCopy Include="..\..\GLKitComplex\Data\lobbyxneg.JPG">
      <Filter>GLKitComplex\Data</Filter>
    </SBResourceCopy>
    <SBResourceCopy Include="..\..\GLKitComplex\Data\seafloor.png">
      <Filter>GLKitComplex\Data</Filter>
    </SBResourceCopy>
    <SBResourceCopy Include="..\..\GLKitComplex\Data\lobbyzpos.JPG">
      <Filter>GLKitComplex\Data</Filter>
    </SBResourceCopy>
    <SBResourceCopy Include="..\..\GLKitComplex\Data\lobbyxpos.JPG">
      <Filter>GLKitComplex\Data</Filter>
    </SBResourceCopy>
    <AssetCatalogCompile Include="..\..\GLKitComplex\Assets.xcassets">
      <Filter>GLKitComplex</Filter>
    </AssetCatalogCompile>
    <SBResourceCopy Include="..\..\GLKitComplex\Data\lobbyypos.JPG">
      <Filter>GLKitComplex\Data</Filter>
    </SBResourceCopy>
    <SBResourceCopy Include="..\..\GLKitComplex\Data\lobbyyneg.JPG">
      <Filter>GLKitComplex\Data</Filter>
    </SBResourceCopy>
    <SBResourceCopy Include="..\..\GLKitComplex\Data\utah-teapot.obj">
      <Filter>GLKitComplex\Data</Filter>
    </SBResourceCopy>
    <SBResourceCopy Include="..\..\GLKitComplex\Data\teapot_specular.pdn">
      <Filter>GLKitComplex\Data</Filter>
    </SBResourceCopy>
    <SBResourceCopy Include="..\..\GLKitComplex\Data\teapot_emissive.png">
      <Filter>GLKitComplex\Data</Filter>
    </SBResourceCopy>
    <SBInfoPlistCopy Include="..\..\GLKitComplex\Info.plist" />
    <Text Include="GLKitComplex-Debug-xcvars.txt">
      <Filter>Xcode Variable Files</Filter>
    </Text>
    <Text Include="GLKitComplex-Release-xcvars.txt">
      <Filter>Xcode Variable Files</Filter>
    </Text>
  </ItemGroup>
  <ItemGroup>
    <AppxManifest Include="Package.appxmanifest" />
  </ItemGroup>
  <ItemGroup>
    <None Include="GLKitComplex_TemporaryKey.pfx" />
  </ItemGroup>
</Project>