<?xml version="1.0"?>
<Project ToolsVersion="14.0" xmlns="http://schemas.microsoft.com/developer/msbuild/2003">
  <ItemGroup>
    <Filter Include="Common">
      <UniqueIdentifier>{54301553-f778-4fb5-9fcb-edb2a27656db}</UniqueIdentifier>
    </Filter>
    <Filter Include="Assets">
      <UniqueIdentifier>{dad4880c-6a54-48ec-84eb-87e08bf9708b}</UniqueIdentifier>
    </Filter>
    <Filter Include="Images">
      <UniqueIdentifier>{3B17B161-1BEE-4D63-AC8B-5B52F35FD576}</UniqueIdentifier>
    </Filter>
    <Filter Include="WOCCatalog">
      <UniqueIdentifier>{4D7F5631-530F-4896-85F5-97190E9C7BBF}</UniqueIdentifier>
    </Filter>
    <Filter Include="WOCCatalog\Supporting Files">
      <UniqueIdentifier>{336C48A8-4532-495C-93FE-D62005D7E958}</UniqueIdentifier>
    </Filter>
    <Filter Include="Xcode Variable Files">
      <UniqueIdentifier>{28A48E36-B15B-4C9B-8F1E-FF7CAEC11DCD}</UniqueIdentifier>
    </Filter>
  </ItemGroup>
  <ItemGroup>
    <Xml Include="default.rd.xml" />
    <AppxManifest Include="Package.appxmanifest" />
    <None Include="WOCCatalog_TemporaryKey.pfx" />
    <Image Include="Assets\LockScreenLogo.scale-200.png">
      <Filter>Assets</Filter>
    </Image>
    <Image Include="Assets\SplashScreen.scale-200.png">
      <Filter>Assets</Filter>
    </Image>
    <Image Include="Assets\Square150x150Logo.scale-200.png">
      <Filter>Assets</Filter>
    </Image>
    <Image Include="Assets\Square44x44Logo.scale-200.png">
      <Filter>Assets</Filter>
    </Image>
    <Image Include="Assets\Square44x44Logo.targetsize-24_altform-unplated.png">
      <Filter>Assets</Filter>
    </Image>
    <Image Include="Assets\StoreLogo.png">
      <Filter>Assets</Filter>
    </Image>
    <Image Include="Assets\Wide310x150Logo.scale-200.png">
      <Filter>Assets</Filter>
    </Image>
    <ClangCompile Include="..\..\WOCCatalog\XamlViewController.m">
      <Filter>WOCCatalog</Filter>
    </ClangCompile>
    <ClangCompile Include="..\..\WOCCatalog\WindowLevelControlViewController.m">
      <Filter>WOCCatalog</Filter>
    </ClangCompile>
    <ClangCompile Include="..\..\WOCCatalog\ViewController.m">
      <Filter>WOCCatalog</Filter>
    </ClangCompile>
    <ClangCompile Include="..\..\WOCCatalog\WebViewController.m">
      <Filter>WOCCatalog</Filter>
    </ClangCompile>
    <ClangCompile Include="..\..\WOCCatalog\AutoLayoutViewController.m">
      <Filter>WOCCatalog</Filter>
    </ClangCompile>
    <ClangCompile Include="..\..\WOCCatalog\ButtonsViewController.m">
      <Filter>WOCCatalog</Filter>
    </ClangCompile>
    <ClangCompile Include="..\..\WOCCatalog\GLKitExampleController.mm">
      <Filter>WOCCatalog</Filter>
    </ClangCompile>
    <ClangCompile Include="..\..\WOCCatalog\WindowViewController.m">
      <Filter>WOCCatalog</Filter>
    </ClangCompile>
    <ClangCompile Include="..\..\WOCCatalog\BezierViewController.m">
      <Filter>WOCCatalog</Filter>
    </ClangCompile>
    <ClangCompile Include="..\..\WOCCatalog\UIPasteboardViewController.m">
      <Filter>WOCCatalog</Filter>
    </ClangCompile>
    <ClangCompile Include="..\..\WOCCatalog\main.m">
      <Filter>WOCCatalog\Supporting Files</Filter>
    </ClangCompile>
    <ClangCompile Include="..\..\WOCCatalog\URLDownloadCell.mm">
      <Filter>WOCCatalog</Filter>
    </ClangCompile>
    <ClangCompile Include="..\..\WOCCatalog\TransitionsViewController.m">
      <Filter>WOCCatalog</Filter>
    </ClangCompile>
    <ClangCompile Include="..\..\WOCCatalog\DisplayModeViewController.m">
      <Filter>WOCCatalog</Filter>
    </ClangCompile>
    <ClangCompile Include="..\..\WOCCatalog\AlertsViewController.m">
      <Filter>WOCCatalog</Filter>
    </ClangCompile>
    <ClangCompile Include="..\..\WOCCatalog\PopoverViewController.m">
      <Filter>WOCCatalog</Filter>
    </ClangCompile>
    <ClangCompile Include="..\..\WOCCatalog\FoundationsViewController.m">
      <Filter>WOCCatalog</Filter>
    </ClangCompile>
    <ClangCompile Include="..\..\WOCCatalog\PageViewController.m">
      <Filter>WOCCatalog</Filter>
    </ClangCompile>
    <ClangCompile Include="..\..\WOCCatalog\ApplicationViewController.m">
      <Filter>WOCCatalog</Filter>
    </ClangCompile>
    <ClangCompile Include="..\..\WOCCatalog\SingleImageViewController.m">
      <Filter>WOCCatalog</Filter>
    </ClangCompile>
    <ClangCompile Include="..\..\WOCCatalog\URLSessionViewController.mm">
      <Filter>WOCCatalog</Filter>
    </ClangCompile>
    <ClangCompile Include="..\..\WOCCatalog\MainViewController.m">
      <Filter>WOCCatalog</Filter>
    </ClangCompile>
    <ClangCompile Include="..\..\WOCCatalog\OpenGLES20Controller.m">
      <Filter>WOCCatalog</Filter>
    </ClangCompile>
    <ClangCompile Include="..\..\WOCCatalog\SegmentsViewController.m">
      <Filter>WOCCatalog</Filter>
    </ClangCompile>
    <ClangCompile Include="..\..\WOCCatalog\TextDisplayViewController.m">
      <Filter>WOCCatalog</Filter>
    </ClangCompile>
    <ClangCompile Include="..\..\WOCCatalog\BasicAnimationViewController.m">
      <Filter>WOCCatalog</Filter>
    </ClangCompile>
    <ClangCompile Include="..\..\WOCCatalog\PhotogridViewController.m">
      <Filter>WOCCatalog</Filter>
    </ClangCompile>
    <ClangCompile Include="..\..\WOCCatalog\ControlsViewController.m">
      <Filter>WOCCatalog</Filter>
    </ClangCompile>
    <ClangCompile Include="..\..\WOCCatalog\CoreMotionViewController.mm">
      <Filter>WOCCatalog</Filter>
    </ClangCompile>
    <ClangCompile Include="..\..\WOCCatalog\MenuTableViewController.m">
      <Filter>WOCCatalog</Filter>
    </ClangCompile>
    <ClangCompile Include="..\..\WOCCatalog\OpenGLES11Controller.m">
      <Filter>WOCCatalog</Filter>
    </ClangCompile>
    <ClangCompile Include="..\..\WOCCatalog\AppDelegate.m">
      <Filter>WOCCatalog</Filter>
    </ClangCompile>
    <ClangCompile Include="..\..\WOCCatalog\SearchBarViewController.m">
      <Filter>WOCCatalog</Filter>
    </ClangCompile>
    <ClangCompile Include="..\..\WOCCatalog\ImagesViewController.m">
      <Filter>WOCCatalog</Filter>
    </ClangCompile>
    <ClangCompile Include="..\..\WOCCatalog\TaskInfoViewController.m">
      <Filter>WOCCatalog</Filter>
    </ClangCompile>
    <ClangCompile Include="..\..\WOCCatalog\ShadowViewController.m">
      <Filter>WOCCatalog</Filter>
    </ClangCompile>
    <ClangCompile Include="..\..\WOCCatalog\ToolbarsViewController.m">
      <Filter>WOCCatalog</Filter>
    </ClangCompile>
    <ClangCompile Include="..\..\WOCCatalog\AccelerateViewController.m">
      <Filter>WOCCatalog</Filter>
    </ClangCompile>
    <ClangCompile Include="..\..\WOCCatalog\BlankWindowViewController.m">
      <Filter>WOCCatalog</Filter>
    </ClangCompile>
    <ClangCompile Include="..\..\WOCCatalog\TextFieldsViewController.m">
      <Filter>WOCCatalog</Filter>
    </ClangCompile>
    <ClangCompile Include="..\..\WOCCatalog\PickersViewController.m">
      <Filter>WOCCatalog</Filter>
    </ClangCompile>
    <SBResourceCopy Include="..\..\WOCCatalog\Images\photo9.jpg">
      <Filter>Images</Filter>
    </SBResourceCopy>
    <SBResourceCopy Include="..\..\WOCCatalog\Images\photo4.jpg">
      <Filter>Images</Filter>
    </SBResourceCopy>
    <XibCompile Include="..\..\WOCCatalog\BezierViewController.xib">
      <Filter>WOCCatalog</Filter>
    </XibCompile>
    <SBResourceCopy Include="..\..\WOCCatalog\Images\tf_bgimage.jpg">
      <Filter>Images</Filter>
    </SBResourceCopy>
    <SBResourceCopy Include="..\..\WOCCatalog\Images\photo8.tif">
      <Filter>Images</Filter>
    </SBResourceCopy>
    <SBResourceCopy Include="..\..\WOCCatalog\Images\segment_check.png">
      <Filter>Images</Filter>
    </SBResourceCopy>
    <SBResourceCopy Include="..\..\WOCCatalog\Images\photo10.jpg">
      <Filter>Images</Filter>
    </SBResourceCopy>
    <SBResourceCopy Include="..\..\WOCCatalog\Images\segment_search.png">
      <Filter>Images</Filter>
    </SBResourceCopy>
    <SBResourceCopy Include="..\..\WOCCatalog\Images\photo1.jpg">
      <Filter>Images</Filter>
    </SBResourceCopy>
    <SBResourceCopy Include="..\..\WOCCatalog\Images\photo7.gif">
      <Filter>Images</Filter>
    </SBResourceCopy>
    <SBResourceCopy Include="..\..\WOCCatalog\Images\photo2.jpg">
      <Filter>Images</Filter>
    </SBResourceCopy>
    <SBResourceCopy Include="..\..\WOCCatalog\Images\photo3.jpg">
      <Filter>Images</Filter>
    </SBResourceCopy>
    <SBResourceCopy Include="..\..\WOCCatalog\Images\photo5.jpg">
      <Filter>Images</Filter>
    </SBResourceCopy>
    <SBResourceCopy Include="..\..\WOCCatalog\Images\photo6.jpg">
      <Filter>Images</Filter>
    </SBResourceCopy>
    <SBResourceCopy Include="..\..\WOCCatalog\Images\whiteButton.png">
      <Filter>Images</Filter>
    </SBResourceCopy>
    <SBResourceCopy Include="..\..\WOCCatalog\Images\blueButton.png">
      <Filter>Images</Filter>
    </SBResourceCopy>
    <StoryboardCompile Include="..\..\WOCCatalog\XIBTest.storyboard">
      <Filter>WOCCatalog</Filter>
    </StoryboardCompile>
    <SBResourceCopy Include="..\..\WOCCatalog\Images\segment_tools.png">
      <Filter>Images</Filter>
    </SBResourceCopy>
    <SBInfoPlistCopy Include="..\..\WOCCatalog\Info.plist" />
    <Text Include="WOCCatalog-Debug-xcvars.txt">
      <Filter>Xcode Variable Files</Filter>
    </Text>
    <Text Include="WOCCatalog-Release-xcvars.txt">
      <Filter>Xcode Variable Files</Filter>
    </Text>
  </ItemGroup>
</Project>
