<?xml version="1.0" encoding="utf-8"?>
<Project ToolsVersion="14.0" xmlns="http://schemas.microsoft.com/developer/msbuild/2003">
  <ItemGroup>
    <Filter Include="Common">
      <UniqueIdentifier>{e59f6774-e985-462f-abb3-7ae7be9437ec}</UniqueIdentifier>
    </Filter>
    <Filter Include="Assets">
      <UniqueIdentifier>{3b652010-f114-40ef-837f-8208d8d2d0c0}</UniqueIdentifier>
    </Filter>
    <Filter Include="Images">
      <UniqueIdentifier>{BC204C0B-5313-4501-8B96-20ED90E6443F}</UniqueIdentifier>
    </Filter>
    <Filter Include="WOCCatalog">
      <UniqueIdentifier>{3CA7860E-8B4B-477A-88E5-C253ACF3D08E}</UniqueIdentifier>
    </Filter>
    <Filter Include="WOCCatalog\Supporting Files">
      <UniqueIdentifier>{A22472A5-AC72-4126-B74E-B2FCCA84F534}</UniqueIdentifier>
    </Filter>
    <Filter Include="Xcode Variable Files">
      <UniqueIdentifier>{4CA3B384-36E4-45B0-82DC-A1426669EB74}</UniqueIdentifier>
    </Filter>
  </ItemGroup>
  <ItemGroup>
    <Image Include="Assets\LockScreenLogo.scale-200.png">
      <Filter>Assets</Filter>
    </Image>
    <Image Include="Assets\SplashScreen.scale-200.png">
      <Filter>Assets</Filter>
    </Image>
    <Image Include="Assets\Square150x150Logo.scale-200.png">
      <Filter>Assets</Filter>
    </Image>
    <Image Include="Assets\Square44x44Logo.scale-200.png">
      <Filter>Assets</Filter>
    </Image>
    <Image Include="Assets\Square44x44Logo.targetsize-24_altform-unplated.png">
      <Filter>Assets</Filter>
    </Image>
    <Image Include="Assets\StoreLogo.png">
      <Filter>Assets</Filter>
    </Image>
    <Image Include="Assets\Wide310x150Logo.scale-200.png">
      <Filter>Assets</Filter>
    </Image>
    <ClangCompile Include="..\..\WOCCatalog\XamlViewController.m">
      <Filter>WOCCatalog</Filter>
    </ClangCompile>
    <ClangCompile Include="..\..\WOCCatalog\ViewController.m">
      <Filter>WOCCatalog</Filter>
    </ClangCompile>
    <ClangCompile Include="..\..\WOCCatalog\WebViewController.m">
      <Filter>WOCCatalog</Filter>
    </ClangCompile>
    <ClangCompile Include="..\..\WOCCatalog\ButtonsViewController.m">
      <Filter>WOCCatalog</Filter>
    </ClangCompile>
    <ClangCompile Include="..\..\WOCCatalog\BezierViewController.m">
      <Filter>WOCCatalog</Filter>
    </ClangCompile>
    <ClangCompile Include="..\..\WOCCatalog\main.m">
      <Filter>WOCCatalog\Supporting Files</Filter>
    </ClangCompile>
    <ClangCompile Include="..\..\WOCCatalog\TransitionsViewController.m">
      <Filter>WOCCatalog</Filter>
    </ClangCompile>
    <ClangCompile Include="..\..\WOCCatalog\DisplayModeViewController.m">
      <Filter>WOCCatalog</Filter>
    </ClangCompile>
    <ClangCompile Include="..\..\WOCCatalog\AlertsViewController.m">
      <Filter>WOCCatalog</Filter>
    </ClangCompile>
    <ClangCompile Include="..\..\WOCCatalog\AutoLayoutViewController.m">
      <Filter>WOCCatalog</Filter>
    </ClangCompile>
    <ClangCompile Include="..\..\WOCCatalog\SingleImageViewController.m">
      <Filter>WOCCatalog</Filter>
    </ClangCompile>
    <ClangCompile Include="..\..\WOCCatalog\OpenGLES20Controller.m">
      <Filter>WOCCatalog</Filter>
    </ClangCompile>
    <ClangCompile Include="..\..\WOCCatalog\SegmentsViewController.m">
      <Filter>WOCCatalog</Filter>
    </ClangCompile>
    <ClangCompile Include="..\..\WOCCatalog\PhotogridViewController.m">
      <Filter>WOCCatalog</Filter>
    </ClangCompile>
    <ClangCompile Include="..\..\WOCCatalog\ControlsViewController.m">
      <Filter>WOCCatalog</Filter>
    </ClangCompile>
    <ClangCompile Include="..\..\WOCCatalog\MenuTableViewController.m">
      <Filter>WOCCatalog</Filter>
    </ClangCompile>
    <ClangCompile Include="..\..\WOCCatalog\OpenGLES11Controller.m">
      <Filter>WOCCatalog</Filter>
    </ClangCompile>
    <ClangCompile Include="..\..\WOCCatalog\AppDelegate.m">
      <Filter>WOCCatalog</Filter>
    </ClangCompile>
    <ClangCompile Include="..\..\WOCCatalog\SearchBarViewController.m">
      <Filter>WOCCatalog</Filter>
    </ClangCompile>
    <ClangCompile Include="..\..\WOCCatalog\ImagesViewController.m">
      <Filter>WOCCatalog</Filter>
    </ClangCompile>
    <ClangCompile Include="..\..\WOCCatalog\ToolbarsViewController.m">
      <Filter>WOCCatalog</Filter>
    </ClangCompile>
    <ClangCompile Include="..\..\WOCCatalog\TextFieldsViewController.m">
      <Filter>WOCCatalog</Filter>
    </ClangCompile>
    <ClangCompile Include="..\..\WOCCatalog\PageViewController.m">
      <Filter>WOCCatalog</Filter>
    </ClangCompile>
    <ClangCompile Include="..\..\WOCCatalog\PickersViewController.m">
      <Filter>WOCCatalog</Filter>
    </ClangCompile>
    <SBResourceCopy Include="..\..\WOCCatalog\Images\photo4.jpg">
      <Filter>Images</Filter>
    </SBResourceCopy>
    <XibCompile Include="..\..\WOCCatalog\BezierViewController.xib">
      <Filter>WOCCatalog</Filter>
    </XibCompile>
    <SBResourceCopy Include="..\..\WOCCatalog\Images\photo8.tif">
      <Filter>Images</Filter>
    </SBResourceCopy>
    <SBResourceCopy Include="..\..\WOCCatalog\Images\segment_check.png">
      <Filter>Images</Filter>
    </SBResourceCopy>
    <SBResourceCopy Include="..\..\WOCCatalog\Images\segment_search.png">
      <Filter>Images</Filter>
    </SBResourceCopy>
    <SBResourceCopy Include="..\..\WOCCatalog\Images\photo1.jpg">
      <Filter>Images</Filter>
    </SBResourceCopy>
    <SBResourceCopy Include="..\..\WOCCatalog\Images\photo7.gif">
      <Filter>Images</Filter>
    </SBResourceCopy>
    <SBResourceCopy Include="..\..\WOCCatalog\Images\photo2.jpg">
      <Filter>Images</Filter>
    </SBResourceCopy>
    <SBResourceCopy Include="..\..\WOCCatalog\Images\photo3.jpg">
      <Filter>Images</Filter>
    </SBResourceCopy>
    <SBResourceCopy Include="..\..\WOCCatalog\Images\photo5.jpg">
      <Filter>Images</Filter>
    </SBResourceCopy>
    <SBResourceCopy Include="..\..\WOCCatalog\Images\photo6.jpg">
      <Filter>Images</Filter>
    </SBResourceCopy>
    <SBResourceCopy Include="..\..\WOCCatalog\Images\whiteButton.png">
      <Filter>Images</Filter>
    </SBResourceCopy>
    <SBResourceCopy Include="..\..\WOCCatalog\Images\blueButton.png">
      <Filter>Images</Filter>
    </SBResourceCopy>
    <SBResourceCopy Include="..\..\WOCCatalog\Images\segment_tools.png">
      <Filter>Images</Filter>
    </SBResourceCopy>
    <SBInfoPlistCopy Include="..\..\WOCCatalog\Info.plist" />
    <Text Include="WOCCatalog-Debug-xcvars.txt">
      <Filter>Xcode Variable Files</Filter>
    </Text>
    <Text Include="WOCCatalog-Release-xcvars.txt">
      <Filter>Xcode Variable Files</Filter>
    </Text>
  </ItemGroup>
  <ItemGroup>
    <AppxManifest Include="Package.appxmanifest" />
  </ItemGroup>
  <ItemGroup>
    <None Include="WOCCatalog_TemporaryKey.pfx" />
  </ItemGroup>
  <ItemGroup>
    <ClangCompile Include="..\..\WOCCatalog\GLKitExampleController.mm">
      <Filter>WOCCatalog</Filter>
    </ClangCompile>
    <ClangCompile Include="..\..\WOCCatalog\TextDisplayViewController.m">
      <Filter>WOCCatalog</Filter>
    </ClangCompile>
  </ItemGroup>
  <ItemGroup>
    <Xml Include="default.rd.xml" />
  </ItemGroup>
</Project>