Microsoft Visual Studio Solution File, Format Version 12.00
# Visual Studio 14
VisualStudioVersion = 14.0.22823.1
MinimumVisualStudioVersion = 10.0.40219.1
Project("{2150E333-8FDC-42A3-9474-1A3956D46DE8}") = "GLKitComplex", "GLKitComplex", "{6DC71911-0E31-405D-A9DE-0094F41E7FD5}"
EndProject
Project("{8BC9CEB8-8B4A-11D0-8D11-00A0C91BC942}") = "GLKitComplex-Headers", "GLKitComplex.vsimporter\GLKitComplex-Headers-WinStore8.1\GLKitComplex-Headers.vcxitems", "{5A33D570-75B9-4361-B959-A4FBE82033E0}"
EndProject
Project("{8BC9CEB8-8B4A-11D0-8D11-00A0C91BC942}") = "GLKitComplex", "GLKitComplex.vsimporter\GLKitComplex-WinStore8.1\GLKitComplex.vcxproj", "{0DACA7D1-8B97-4947-8464-C4946222F120}"
EndProject
Global
	GlobalSection(SharedMSBuildProjectFiles) = preSolution
		GLKitComplex.vsimporter\GLKitComplex-Headers-WinStore8.1\GLKitComplex-Headers.vcxitems*{5A33D570-75B9-4361-B959-A4FBE82033E0}*SharedItemsImports = 9
		GLKitComplex.vsimporter\GLKitComplex-Headers-WinStore8.1\GLKitComplex-Headers.vcxitems*{0DACA7D1-8B97-4947-8464-C4946222F120}*SharedItemsImports = 4
	EndGlobalSection
	GlobalSection(SolutionConfigurationPlatforms) = preSolution
		Debug|Win32 = Debug|Win32
		Release|Win32 = Release|Win32
	EndGlobalSection
	GlobalSection(ProjectConfigurationPlatforms) = postSolution
		{0DACA7D1-8B97-4947-8464-C4946222F120}.Debug|Win32.ActiveCfg = Debug|Win32
		{0DACA7D1-8B97-4947-8464-C4946222F120}.Debug|Win32.Build.0 = Debug|Win32
		{0DACA7D1-8B97-4947-8464-C4946222F120}.Debug|Win32.Deploy.0 = Debug|Win32
		{0DACA7D1-8B97-4947-8464-C4946222F120}.Release|Win32.ActiveCfg = Release|Win32
		{0DACA7D1-8B97-4947-8464-C4946222F120}.Release|Win32.Build.0 = Release|Win32
		{0DACA7D1-8B97-4947-8464-C4946222F120}.Release|Win32.Deploy.0 = Release|Win32
	EndGlobalSection
	GlobalSection(SolutionProperties) = preSolution
		HideSolutionNode = FALSE
	EndGlobalSection
	GlobalSection(NestedProjects) = preSolution
		{5A33D570-75B9-4361-B959-A4FBE82033E0} = {6DC71911-0E31-405D-A9DE-0094F41E7FD5}
		{0DACA7D1-8B97-4947-8464-C4946222F120} = {6DC71911-0E31-405D-A9DE-0094F41E7FD5}
	EndGlobalSection
EndGlobal
