Microsoft Visual Studio Solution File, Format Version 12.00
# Visual Studio 15
VisualStudioVersion = 15.0.26228.4
MinimumVisualStudioVersion = 15.0.0.0
Project("{2150E333-8FDC-42A3-9474-1A3956D46DE8}") = "GLKitComplex", "GLKitComplex", "{13B9CC41-DB2D-463E-9272-3B8BF93B9BB5}"
EndProject
Project("{8BC9CEB8-8B4A-11D0-8D11-00A0C91BC942}") = "GLKitComplex", "GLKitComplex.vsimporter\GLKitComplex-WinStore10\GLKitComplex.vcxproj", "{D8A0D1E3-4371-4E1D-B0CE-2C22DBEC62B2}"
EndProject
Project("{2150E333-8FDC-42A3-9474-1A3956D46DE8}") = "BuildSupport", "BuildSupport", "{894E3ACE-B719-4E9A-B4E7-21CD53C55206}"
EndProject
Project("{13B669BE-BB05-4DDF-9536-439F39A36129}") = "NugetRestore", "..\..\common\NugetRestore.msbuildproj", "{B2C6186E-B340-49D8-888E-76ED83752E43}"
EndProject
Global
	GlobalSection(SolutionConfigurationPlatforms) = preSolution
		Debug|Any CPU = Debug|Any CPU
		Debug|ARM = Debug|ARM
		Debug|Win32 = Debug|Win32
		Release|Any CPU = Release|Any CPU
		Release|ARM = Release|ARM
		Release|Win32 = Release|Win32
	EndGlobalSection
	GlobalSection(ProjectConfigurationPlatforms) = postSolution
		{D8A0D1E3-4371-4E1D-B0CE-2C22DBEC62B2}.Debug|Any CPU.ActiveCfg = Debug|Win32
		{D8A0D1E3-4371-4E1D-B0CE-2C22DBEC62B2}.Debug|ARM.ActiveCfg = Debug|ARM
		{D8A0D1E3-4371-4E1D-B0CE-2C22DBEC62B2}.Debug|ARM.Build.0 = Debug|ARM
		{D8A0D1E3-4371-4E1D-B0CE-2C22DBEC62B2}.Debug|ARM.Deploy.0 = Debug|ARM
		{D8A0D1E3-4371-4E1D-B0CE-2C22DBEC62B2}.Debug|Win32.ActiveCfg = Debug|Win32
		{D8A0D1E3-4371-4E1D-B0CE-2C22DBEC62B2}.Debug|Win32.Build.0 = Debug|Win32
		{D8A0D1E3-4371-4E1D-B0CE-2C22DBEC62B2}.Debug|Win32.Deploy.0 = Debug|Win32
		{D8A0D1E3-4371-4E1D-B0CE-2C22DBEC62B2}.Release|Any CPU.ActiveCfg = Release|Win32
		{D8A0D1E3-4371-4E1D-B0CE-2C22DBEC62B2}.Release|ARM.ActiveCfg = Release|ARM
		{D8A0D1E3-4371-4E1D-B0CE-2C22DBEC62B2}.Release|ARM.Build.0 = Release|ARM
		{D8A0D1E3-4371-4E1D-B0CE-2C22DBEC62B2}.Release|ARM.Deploy.0 = Release|ARM
		{D8A0D1E3-4371-4E1D-B0CE-2C22DBEC62B2}.Release|Win32.ActiveCfg = Release|Win32
		{D8A0D1E3-4371-4E1D-B0CE-2C22DBEC62B2}.Release|Win32.Build.0 = Release|Win32
		{D8A0D1E3-4371-4E1D-B0CE-2C22DBEC62B2}.Release|Win32.Deploy.0 = Release|Win32
		{B2C6186E-B340-49D8-888E-76ED83752E43}.Debug|Any CPU.ActiveCfg = Debug|Any CPU
		{B2C6186E-B340-49D8-888E-76ED83752E43}.Debug|Any CPU.Build.0 = Debug|Any CPU
		{B2C6186E-B340-49D8-888E-76ED83752E43}.Debug|ARM.ActiveCfg = Debug|Any CPU
		{B2C6186E-B340-49D8-888E-76ED83752E43}.Debug|ARM.Build.0 = Debug|Any CPU
		{B2C6186E-B340-49D8-888E-76ED83752E43}.Debug|Win32.ActiveCfg = Debug|Any CPU
		{B2C6186E-B340-49D8-888E-76ED83752E43}.Debug|Win32.Build.0 = Debug|Any CPU
		{B2C6186E-B340-49D8-888E-76ED83752E43}.Release|Any CPU.ActiveCfg = Release|Any CPU
		{B2C6186E-B340-49D8-888E-76ED83752E43}.Release|Any CPU.Build.0 = Release|Any CPU
		{B2C6186E-B340-49D8-888E-76ED83752E43}.Release|ARM.ActiveCfg = Release|Any CPU
		{B2C6186E-B340-49D8-888E-76ED83752E43}.Release|ARM.Build.0 = Release|Any CPU
		{B2C6186E-B340-49D8-888E-76ED83752E43}.Release|Win32.ActiveCfg = Release|Any CPU
		{B2C6186E-B340-49D8-888E-76ED83752E43}.Release|Win32.Build.0 = Release|Any CPU
	EndGlobalSection
	GlobalSection(SolutionProperties) = preSolution
		HideSolutionNode = FALSE
	EndGlobalSection
	GlobalSection(NestedProjects) = preSolution
		{D8A0D1E3-4371-4E1D-B0CE-2C22DBEC62B2} = {13B9CC41-DB2D-463E-9272-3B8BF93B9BB5}
		{B2C6186E-B340-49D8-888E-76ED83752E43} = {894E3ACE-B719-4E9A-B4E7-21CD53C55206}
	EndGlobalSection
EndGlobal
