// !$*UTF8*$!
{
	archiveVersion = 1;
	classes = {
	};
	objectVersion = 46;
	objects = {

/* Begin PBXBuildFile section */
		004775821E3958ED00A49ECB /* main.m in Sources */ = {isa = PBXBuildFile; fileRef = 004775811E3958ED00A49ECB /* main.m */; };
		004775851E3958ED00A49ECB /* AppDelegate.m in Sources */ = {isa = PBXBuildFile; fileRef = 004775841E3958ED00A49ECB /* AppDelegate.m */; };
		004775A11E395A7600A49ECB /* FoundationsViewController.m in Sources */ = {isa = PBXBuildFile; fileRef = 004775981E395A7600A49ECB /* FoundationsViewController.m */; };
		004775A21E395A7600A49ECB /* MenuTableViewController.m in Sources */ = {isa = PBXBuildFile; fileRef = 0047759A1E395A7600A49ECB /* MenuTableViewController.m */; };
		004775A31E395A7600A49ECB /* TaskInfoViewController.m in Sources */ = {isa = PBXBuildFile; fileRef = 0047759C1E395A7600A49ECB /* TaskInfoViewController.m */; };
		004775A41E395A7600A49ECB /* URLSessionViewController.mm in Sources */ = {isa = PBXBuildFile; fileRef = 0047759E1E395A7600A49ECB /* URLSessionViewController.mm */; };
		004775A51E395A7600A49ECB /* UserDefaultsViewController.m in Sources */ = {isa = PBXBuildFile; fileRef = 004775A01E395A7600A49ECB /* UserDefaultsViewController.m */; };
		004775A81E395C6F00A49ECB /* URLDownloadCell.mm in Sources */ = {isa = PBXBuildFile; fileRef = 004775A71E395C6F00A49ECB /* URLDownloadCell.mm */; };
/* End PBXBuildFile section */

/* Begin PBXFileReference section */
		0047757D1E3958ED00A49ECB /* Foundation-Dev.app */ = {isa = PBXFileReference; explicitFileType = wrapper.application; includeInIndex = 0; path = "Foundation-Dev.app"; sourceTree = BUILT_PRODUCTS_DIR; };
		004775811E3958ED00A49ECB /* main.m */ = {isa = PBXFileReference; lastKnownFileType = sourcecode.c.objc; path = main.m; sourceTree = "<group>"; };
		004775831E3958ED00A49ECB /* AppDelegate.h */ = {isa = PBXFileReference; lastKnownFileType = sourcecode.c.h; path = AppDelegate.h; sourceTree = "<group>"; };
		004775841E3958ED00A49ECB /* AppDelegate.m */ = {isa = PBXFileReference; lastKnownFileType = sourcecode.c.objc; path = AppDelegate.m; sourceTree = "<group>"; };
		004775911E3958ED00A49ECB /* Info.plist */ = {isa = PBXFileReference; lastKnownFileType = text.plist.xml; path = Info.plist; sourceTree = "<group>"; };
		004775971E395A7600A49ECB /* FoundationsViewController.h */ = {isa = PBXFileReference; fileEncoding = 4; lastKnownFileType = sourcecode.c.h; name = FoundationsViewController.h; path = "Foundation-Dev/FoundationsViewController.h"; sourceTree = "<group>"; };
		004775981E395A7600A49ECB /* FoundationsViewController.m */ = {isa = PBXFileReference; fileEncoding = 4; lastKnownFileType = sourcecode.c.objc; name = FoundationsViewController.m; path = "Foundation-Dev/FoundationsViewController.m"; sourceTree = "<group>"; };
		004775991E395A7600A49ECB /* MenuTableViewController.h */ = {isa = PBXFileReference; fileEncoding = 4; lastKnownFileType = sourcecode.c.h; name = MenuTableViewController.h; path = "Foundation-Dev/MenuTableViewController.h"; sourceTree = "<group>"; };
		0047759A1E395A7600A49ECB /* MenuTableViewController.m */ = {isa = PBXFileReference; fileEncoding = 4; lastKnownFileType = sourcecode.c.objc; name = MenuTableViewController.m; path = "Foundation-Dev/MenuTableViewController.m"; sourceTree = "<group>"; };
		0047759B1E395A7600A49ECB /* TaskInfoViewController.h */ = {isa = PBXFileReference; fileEncoding = 4; lastKnownFileType = sourcecode.c.h; name = TaskInfoViewController.h; path = "Foundation-Dev/TaskInfoViewController.h"; sourceTree = "<group>"; };
		0047759C1E395A7600A49ECB /* TaskInfoViewController.m */ = {isa = PBXFileReference; fileEncoding = 4; lastKnownFileType = sourcecode.c.objc; name = TaskInfoViewController.m; path = "Foundation-Dev/TaskInfoViewController.m"; sourceTree = "<group>"; };
		0047759D1E395A7600A49ECB /* URLSessionViewController.h */ = {isa = PBXFileReference; fileEncoding = 4; lastKnownFileType = sourcecode.c.h; name = URLSessionViewController.h; path = "Foundation-Dev/URLSessionViewController.h"; sourceTree = "<group>"; };
		0047759E1E395A7600A49ECB /* URLSessionViewController.mm */ = {isa = PBXFileReference; fileEncoding = 4; lastKnownFileType = sourcecode.cpp.objcpp; name = URLSessionViewController.mm; path = "Foundation-Dev/URLSessionViewController.mm"; sourceTree = "<group>"; };
		0047759F1E395A7600A49ECB /* UserDefaultsViewController.h */ = {isa = PBXFileReference; fileEncoding = 4; lastKnownFileType = sourcecode.c.h; name = UserDefaultsViewController.h; path = "Foundation-Dev/UserDefaultsViewController.h"; sourceTree = "<group>"; };
		004775A01E395A7600A49ECB /* UserDefaultsViewController.m */ = {isa = PBXFileReference; fileEncoding = 4; lastKnownFileType = sourcecode.c.objc; name = UserDefaultsViewController.m; path = "Foundation-Dev/UserDefaultsViewController.m"; sourceTree = "<group>"; };
		004775A61E395C6F00A49ECB /* URLDownloadCell.h */ = {isa = PBXFileReference; fileEncoding = 4; lastKnownFileType = sourcecode.c.h; name = URLDownloadCell.h; path = "Foundation-Dev/URLDownloadCell.h"; sourceTree = "<group>"; };
		004775A71E395C6F00A49ECB /* URLDownloadCell.mm */ = {isa = PBXFileReference; fileEncoding = 4; lastKnownFileType = sourcecode.cpp.objcpp; name = URLDownloadCell.mm; path = "Foundation-Dev/URLDownloadCell.mm"; sourceTree = "<group>"; };
/* End PBXFileReference section */

/* Begin PBXFrameworksBuildPhase section */
		0047757A1E3958ED00A49ECB /* Frameworks */ = {
			isa = PBXFrameworksBuildPhase;
			buildActionMask = 2147483647;
			files = (
			);
			runOnlyForDeploymentPostprocessing = 0;
		};
/* End PBXFrameworksBuildPhase section */

/* Begin PBXGroup section */
		004775741E3958ED00A49ECB = {
			isa = PBXGroup;
			children = (
				004775A61E395C6F00A49ECB /* URLDownloadCell.h */,
				004775A71E395C6F00A49ECB /* URLDownloadCell.mm */,
				004775971E395A7600A49ECB /* FoundationsViewController.h */,
				004775981E395A7600A49ECB /* FoundationsViewController.m */,
				004775991E395A7600A49ECB /* MenuTableViewController.h */,
				0047759A1E395A7600A49ECB /* MenuTableViewController.m */,
				0047759B1E395A7600A49ECB /* TaskInfoViewController.h */,
				0047759C1E395A7600A49ECB /* TaskInfoViewController.m */,
				0047759D1E395A7600A49ECB /* URLSessionViewController.h */,
				0047759E1E395A7600A49ECB /* URLSessionViewController.mm */,
				0047759F1E395A7600A49ECB /* UserDefaultsViewController.h */,
				004775A01E395A7600A49ECB /* UserDefaultsViewController.m */,
				0047757F1E3958ED00A49ECB /* Foundation-Dev */,
				0047757E1E3958ED00A49ECB /* Products */,
			);
			sourceTree = "<group>";
		};
		0047757E1E3958ED00A49ECB /* Products */ = {
			isa = PBXGroup;
			children = (
				0047757D1E3958ED00A49ECB /* Foundation-Dev.app */,
			);
			name = Products;
			sourceTree = "<group>";
		};
		0047757F1E3958ED00A49ECB /* Foundation-Dev */ = {
			isa = PBXGroup;
			children = (
				004775831E3958ED00A49ECB /* AppDelegate.h */,
				004775841E3958ED00A49ECB /* AppDelegate.m */,
				004775911E3958ED00A49ECB /* Info.plist */,
				004775801E3958ED00A49ECB /* Supporting Files */,
			);
			path = "Foundation-Dev";
			sourceTree = "<group>";
		};
		004775801E3958ED00A49ECB /* Supporting Files */ = {
			isa = PBXGroup;
			children = (
				004775811E3958ED00A49ECB /* main.m */,
			);
			name = "Supporting Files";
			sourceTree = "<group>";
		};
/* End PBXGroup section */

/* Begin PBXNativeTarget section */
		0047757C1E3958ED00A49ECB /* Foundation-Dev */ = {
			isa = PBXNativeTarget;
			buildConfigurationList = 004775941E3958ED00A49ECB /* Build configuration list for PBXNativeTarget "Foundation-Dev" */;
			buildPhases = (
				004775791E3958ED00A49ECB /* Sources */,
				0047757A1E3958ED00A49ECB /* Frameworks */,
				0047757B1E3958ED00A49ECB /* Resources */,
			);
			buildRules = (
			);
			dependencies = (
			);
			name = "Foundation-Dev";
			productName = "Foundation-Dev";
			productReference = 0047757D1E3958ED00A49ECB /* Foundation-Dev.app */;
			productType = "com.apple.product-type.application";
		};
/* End PBXNativeTarget section */

/* Begin PBXProject section */
		004775751E3958ED00A49ECB /* Project object */ = {
			isa = PBXProject;
			attributes = {
				LastUpgradeCheck = 0730;
				ORGANIZATIONNAME = Microsoft;
				TargetAttributes = {
					0047757C1E3958ED00A49ECB = {
						CreatedOnToolsVersion = 7.3.1;
					};
				};
			};
			buildConfigurationList = 004775781E3958ED00A49ECB /* Build configuration list for PBXProject "Foundation-Dev" */;
			compatibilityVersion = "Xcode 3.2";
			developmentRegion = English;
			hasScannedForEncodings = 0;
			knownRegions = (
				en,
				Base,
			);
			mainGroup = 004775741E3958ED00A49ECB;
			productRefGroup = 0047757E1E3958ED00A49ECB /* Products */;
			projectDirPath = "";
			projectRoot = "";
			targets = (
				0047757C1E3958ED00A49ECB /* Foundation-Dev */,
			);
		};
/* End PBXProject section */

/* Begin PBXResourcesBuildPhase section */
		0047757B1E3958ED00A49ECB /* Resources */ = {
			isa = PBXResourcesBuildPhase;
			buildActionMask = 2147483647;
			files = (
			);
			runOnlyForDeploymentPostprocessing = 0;
		};
/* End PBXResourcesBuildPhase section */

/* Begin PBXSourcesBuildPhase section */
		004775791E3958ED00A49ECB /* Sources */ = {
			isa = PBXSourcesBuildPhase;
			buildActionMask = 2147483647;
			files = (
				004775A81E395C6F00A49ECB /* URLDownloadCell.mm in Sources */,
				004775A31E395A7600A49ECB /* TaskInfoViewController.m in Sources */,
				004775A41E395A7600A49ECB /* URLSessionViewController.mm in Sources */,
				004775851E3958ED00A49ECB /* AppDelegate.m in Sources */,
				004775821E3958ED00A49ECB /* main.m in Sources */,
				004775A51E395A7600A49ECB /* UserDefaultsViewController.m in Sources */,
				004775A11E395A7600A49ECB /* FoundationsViewController.m in Sources */,
				004775A21E395A7600A49ECB /* MenuTableViewController.m in Sources */,
			);
			runOnlyForDeploymentPostprocessing = 0;
		};
/* End PBXSourcesBuildPhase section */

/* Begin XCBuildConfiguration section */
		004775921E3958ED00A49ECB /* Debug */ = {
			isa = XCBuildConfiguration;
			buildSettings = {
				ALWAYS_SEARCH_USER_PATHS = NO;
				CLANG_ANALYZER_NONNULL = YES;
				CLANG_CXX_LANGUAGE_STANDARD = "gnu++0x";
				CLANG_CXX_LIBRARY = "libc++";
				CLANG_ENABLE_MODULES = YES;
				CLANG_ENABLE_OBJC_ARC = YES;
				CLANG_WARN_BOOL_CONVERSION = YES;
				CLANG_WARN_CONSTANT_CONVERSION = YES;
				CLANG_WARN_DIRECT_OBJC_ISA_USAGE = YES_ERROR;
				CLANG_WARN_EMPTY_BODY = YES;
				CLANG_WARN_ENUM_CONVERSION = YES;
				CLANG_WARN_INT_CONVERSION = YES;
				CLANG_WARN_OBJC_ROOT_CLASS = YES_ERROR;
				CLANG_WARN_UNREACHABLE_CODE = YES;
				CLANG_WARN__DUPLICATE_METHOD_MATCH = YES;
				"CODE_SIGN_IDENTITY[sdk=iphoneos*]" = "iPhone Developer";
				COPY_PHASE_STRIP = NO;
				DEBUG_INFORMATION_FORMAT = dwarf;
				ENABLE_STRICT_OBJC_MSGSEND = YES;
				ENABLE_TESTABILITY = YES;
				GCC_C_LANGUAGE_STANDARD = gnu99;
				GCC_DYNAMIC_NO_PIC = NO;
				GCC_NO_COMMON_BLOCKS = YES;
				GCC_OPTIMIZATION_LEVEL = 0;
				GCC_PREPROCESSOR_DEFINITIONS = (
					"DEBUG=1",
					"$(inherited)",
				);
				GCC_WARN_64_TO_32_BIT_CONVERSION = YES;
				GCC_WARN_ABOUT_RETURN_TYPE = YES_ERROR;
				GCC_WARN_UNDECLARED_SELECTOR = YES;
				GCC_WARN_UNINITIALIZED_AUTOS = YES_AGGRESSIVE;
				GCC_WARN_UNUSED_FUNCTION = YES;
				GCC_WARN_UNUSED_VARIABLE = YES;
				IPHONEOS_DEPLOYMENT_TARGET = 9.3;
				MTL_ENABLE_DEBUG_INFO = YES;
				ONLY_ACTIVE_ARCH = YES;
				SDKROOT = iphoneos;
				TARGETED_DEVICE_FAMILY = "1,2";
			};
			name = Debug;
		};
		004775931E3958ED00A49ECB /* Release */ = {
			isa = XCBuildConfiguration;
			buildSettings = {
				ALWAYS_SEARCH_USER_PATHS = NO;
				CLANG_ANALYZER_NONNULL = YES;
				CLANG_CXX_LANGUAGE_STANDARD = "gnu++0x";
				CLANG_CXX_LIBRARY = "libc++";
				CLANG_ENABLE_MODULES = YES;
				CLANG_ENABLE_OBJC_ARC = YES;
				CLANG_WARN_BOOL_CONVERSION = YES;
				CLANG_WARN_CONSTANT_CONVERSION = YES;
				CLANG_WARN_DIRECT_OBJC_ISA_USAGE = YES_ERROR;
				CLANG_WARN_EMPTY_BODY = YES;
				CLANG_WARN_ENUM_CONVERSION = YES;
				CLANG_WARN_INT_CONVERSION = YES;
				CLANG_WARN_OBJC_ROOT_CLASS = YES_ERROR;
				CLANG_WARN_UNREACHABLE_CODE = YES;
				CLANG_WARN__DUPLICATE_METHOD_MATCH = YES;
				"CODE_SIGN_IDENTITY[sdk=iphoneos*]" = "iPhone Developer";
				COPY_PHASE_STRIP = NO;
				DEBUG_INFORMATION_FORMAT = "dwarf-with-dsym";
				ENABLE_NS_ASSERTIONS = NO;
				ENABLE_STRICT_OBJC_MSGSEND = YES;
				GCC_C_LANGUAGE_STANDARD = gnu99;
				GCC_NO_COMMON_BLOCKS = YES;
				GCC_WARN_64_TO_32_BIT_CONVERSION = YES;
				GCC_WARN_ABOUT_RETURN_TYPE = YES_ERROR;
				GCC_WARN_UNDECLARED_SELECTOR = YES;
				GCC_WARN_UNINITIALIZED_AUTOS = YES_AGGRESSIVE;
				GCC_WARN_UNUSED_FUNCTION = YES;
				GCC_WARN_UNUSED_VARIABLE = YES;
				IPHONEOS_DEPLOYMENT_TARGET = 9.3;
				MTL_ENABLE_DEBUG_INFO = NO;
				SDKROOT = iphoneos;
				TARGETED_DEVICE_FAMILY = "1,2";
				VALIDATE_PRODUCT = YES;
			};
			name = Release;
		};
		004775951E3958ED00A49ECB /* Debug */ = {
			isa = XCBuildConfiguration;
			buildSettings = {
				ASSETCATALOG_COMPILER_APPICON_NAME = AppIcon;
				INFOPLIST_FILE = "Foundation-Dev/Info.plist";
				LD_RUNPATH_SEARCH_PATHS = "$(inherited) @executable_path/Frameworks";
				PRODUCT_BUNDLE_IDENTIFIER = "MSFT.Foundation-Dev";
				PRODUCT_NAME = "$(TARGET_NAME)";
			};
			name = Debug;
		};
		004775961E3958ED00A49ECB /* Release */ = {
			isa = XCBuildConfiguration;
			buildSettings = {
				ASSETCATALOG_COMPILER_APPICON_NAME = AppIcon;
				INFOPLIST_FILE = "Foundation-Dev/Info.plist";
				LD_RUNPATH_SEARCH_PATHS = "$(inherited) @executable_path/Frameworks";
				PRODUCT_BUNDLE_IDENTIFIER = "MSFT.Foundation-Dev";
				PRODUCT_NAME = "$(TARGET_NAME)";
			};
			name = Release;
		};
/* End XCBuildConfiguration section */

/* Begin XCConfigurationList section */
		004775781E3958ED00A49ECB /* Build configuration list for PBXProject "Foundation-Dev" */ = {
			isa = XCConfigurationList;
			buildConfigurations = (
				004775921E3958ED00A49ECB /* Debug */,
				004775931E3958ED00A49ECB /* Release */,
			);
			defaultConfigurationIsVisible = 0;
			defaultConfigurationName = Release;
		};
		004775941E3958ED00A49ECB /* Build configuration list for PBXNativeTarget "Foundation-Dev" */ = {
			isa = XCConfigurationList;
			buildConfigurations = (
				004775951E3958ED00A49ECB /* Debug */,
				004775961E3958ED00A49ECB /* Release */,
			);
			defaultConfigurationIsVisible = 0;
			defaultConfigurationName = Release;
		};
/* End XCConfigurationList section */
	};
	rootObject = 004775751E3958ED00A49ECB /* Project object */;
}
