<?xml version="1.0" encoding="utf-8"?>
<Project ToolsVersion="4.0" xmlns="http://schemas.microsoft.com/developer/msbuild/2003">
  <ItemGroup>
    <Filter Include="Source Files">
      <UniqueIdentifier>{4FC737F1-C7A5-4376-A066-2A32D752A2FF}</UniqueIdentifier>
      <Extensions>cpp;c;cc;cxx;def;odl;idl;hpj;bat;asm;asmx</Extensions>
    </Filter>
    <Filter Include="Header Files">
      <UniqueIdentifier>{93995380-89BD-4b04-88EB-625FBE52EBFB}</UniqueIdentifier>
      <Extensions>h;hh;hpp;hxx;hm;inl;inc;xsd</Extensions>
    </Filter>
    <Filter Include="Resource Files">
      <UniqueIdentifier>{67DA6AB6-F800-4c08-8B7A-83BB121AAD01}</UniqueIdentifier>
      <Extensions>rc;ico;cur;bmp;dlg;rc2;rct;bin;rgs;gif;jpg;jpeg;jpe;resx;tiff;tif;png;wav;mfcribbon-ms</Extensions>
    </Filter>
  </ItemGroup>
  <ItemGroup>
    <ClInclude Include="resource_xib2nib.h">
      <Filter>Header Files</Filter>
    </ClInclude>
    <ClInclude Include="src\MKMapView.h">
      <Filter>Header Files</Filter>
    </ClInclude>
    <ClInclude Include="src\NIBWriter.h">
      <Filter>Header Files</Filter>
    </ClInclude>
    <ClInclude Include="src\NSLayoutConstraint.h">
      <Filter>Header Files</Filter>
    </ClInclude>
    <ClInclude Include="src\ObjectConverter.h">
      <Filter>Header Files</Filter>
    </ClInclude>
    <ClInclude Include="src\UIActivityIndicatorView.h">
      <Filter>Header Files</Filter>
    </ClInclude>
    <ClInclude Include="src\UIBarButtonItem.h">
      <Filter>Header Files</Filter>
    </ClInclude>
    <ClInclude Include="src\UIButton.h">
      <Filter>Header Files</Filter>
    </ClInclude>
    <ClInclude Include="src\UICollectionView.h">
      <Filter>Header Files</Filter>
    </ClInclude>
    <ClInclude Include="src\UICollectionViewCell.h">
      <Filter>Header Files</Filter>
    </ClInclude>
    <ClInclude Include="src\UICollectionViewController.h">
      <Filter>Header Files</Filter>
    </ClInclude>
    <ClInclude Include="src\UIColor.h">
      <Filter>Header Files</Filter>
    </ClInclude>
    <ClInclude Include="src\UIControl.h">
      <Filter>Header Files</Filter>
    </ClInclude>
    <ClInclude Include="src\UICustomResource.h">
      <Filter>Header Files</Filter>
    </ClInclude>
    <ClInclude Include="src\UIDatePicker.h">
      <Filter>Header Files</Filter>
    </ClInclude>
    <ClInclude Include="src\UIFont.h">
      <Filter>Header Files</Filter>
    </ClInclude>
    <ClInclude Include="src\UIGestureRecognizer.h">
      <Filter>Header Files</Filter>
    </ClInclude>
    <ClInclude Include="src\UIImageView.h">
      <Filter>Header Files</Filter>
    </ClInclude>
    <ClInclude Include="src\UILabel.h">
      <Filter>Header Files</Filter>
    </ClInclude>
    <ClInclude Include="src\UINavigationBar.h">
      <Filter>Header Files</Filter>
    </ClInclude>
    <ClInclude Include="src\UINavigationController.h">
      <Filter>Header Files</Filter>
    </ClInclude>
    <ClInclude Include="src\UINavigationItem.h">
      <Filter>Header Files</Filter>
    </ClInclude>
    <ClInclude Include="src\UIPageControl.h">
      <Filter>Header Files</Filter>
    </ClInclude>
    <ClInclude Include="src\UIPanGestureRecognizer.h">
      <Filter>Header Files</Filter>
    </ClInclude>
    <ClInclude Include="src\UIPickerView.h">
      <Filter>Header Files</Filter>
    </ClInclude>
    <ClInclude Include="src\UIPongPressGestureRecognizer.h">
      <Filter>Header Files</Filter>
    </ClInclude>
    <ClInclude Include="src\UIProgressView.h">
      <Filter>Header Files</Filter>
    </ClInclude>
    <ClInclude Include="src\UIProxyObject.h">
      <Filter>Header Files</Filter>
    </ClInclude>
    <ClInclude Include="src\UIRuntimeAccessibilityConfiguration.h">
      <Filter>Header Files</Filter>
    </ClInclude>
    <ClInclude Include="src\UIRuntimeEventConnection.h">
      <Filter>Header Files</Filter>
    </ClInclude>
    <ClInclude Include="src\UIRuntimeOutletCollectionConnection.h">
      <Filter>Header Files</Filter>
    </ClInclude>
    <ClInclude Include="src\UIRuntimeOutletConnection.h">
      <Filter>Header Files</Filter>
    </ClInclude>
    <ClInclude Include="src\UIScrollView.h">
      <Filter>Header Files</Filter>
    </ClInclude>
    <ClInclude Include="src\UISearchBar.h">
      <Filter>Header Files</Filter>
    </ClInclude>
    <ClInclude Include="src\UISearchDisplayController.h">
      <Filter>Header Files</Filter>
    </ClInclude>
    <ClInclude Include="src\UISegment.h">
      <Filter>Header Files</Filter>
    </ClInclude>
    <ClInclude Include="src\UISegmentedControl.h">
      <Filter>Header Files</Filter>
    </ClInclude>
    <ClInclude Include="src\UISlider.h">
      <Filter>Header Files</Filter>
    </ClInclude>
    <ClInclude Include="src\UIStackView.h">
      <Filter>Header Files</Filter>
    </ClInclude>
    <ClInclude Include="src\UIStepper.h">
      <Filter>Header Files</Filter>
    </ClInclude>
    <ClInclude Include="src\UIStoryboardSegue.h">
      <Filter>Header Files</Filter>
    </ClInclude>
    <ClInclude Include="src\UISwipeGestureRecognizer.h">
      <Filter>Header Files</Filter>
    </ClInclude>
    <ClInclude Include="src\UISwitch.h">
      <Filter>Header Files</Filter>
    </ClInclude>
    <ClInclude Include="src\UITabBar.h">
      <Filter>Header Files</Filter>
    </ClInclude>
    <ClInclude Include="src\UITabBarController.h">
      <Filter>Header Files</Filter>
    </ClInclude>
    <ClInclude Include="src\UITabBarItem.h">
      <Filter>Header Files</Filter>
    </ClInclude>
    <ClInclude Include="src\UITableView.h">
      <Filter>Header Files</Filter>
    </ClInclude>
    <ClInclude Include="src\UITableViewCell.h">
      <Filter>Header Files</Filter>
    </ClInclude>
    <ClInclude Include="src\UITableViewCellContentView.h">
      <Filter>Header Files</Filter>
    </ClInclude>
    <ClInclude Include="src\UITableViewController.h">
      <Filter>Header Files</Filter>
    </ClInclude>
    <ClInclude Include="src\UITapGestureRecognizer.h">
      <Filter>Header Files</Filter>
    </ClInclude>
    <ClInclude Include="src\UITextField.h">
      <Filter>Header Files</Filter>
    </ClInclude>
    <ClInclude Include="src\UITextView.h">
      <Filter>Header Files</Filter>
    </ClInclude>
    <ClInclude Include="src\UIToolbar.h">
      <Filter>Header Files</Filter>
    </ClInclude>
    <ClInclude Include="src\UIView.h">
      <Filter>Header Files</Filter>
    </ClInclude>
    <ClInclude Include="src\UIViewController.h">
      <Filter>Header Files</Filter>
    </ClInclude>
    <ClInclude Include="src\UIWebView.h">
      <Filter>Header Files</Filter>
    </ClInclude>
    <ClInclude Include="src\UIWindow.h">
      <Filter>Header Files</Filter>
    </ClInclude>
    <ClInclude Include="src\XIBDictionary.h">
      <Filter>Header Files</Filter>
    </ClInclude>
    <ClInclude Include="src\XIBDocument.h">
      <Filter>Header Files</Filter>
    </ClInclude>
    <ClInclude Include="src\XIBObject.h">
      <Filter>Header Files</Filter>
    </ClInclude>
    <ClInclude Include="src\XIBObjectDouble.h">
      <Filter>Header Files</Filter>
    </ClInclude>
    <ClInclude Include="src\XIBObjectFloat.h">
      <Filter>Header Files</Filter>
    </ClInclude>
    <ClInclude Include="src\XIBObjectInt.h">
      <Filter>Header Files</Filter>
    </ClInclude>
    <ClInclude Include="src\XIBObjectNil.h">
      <Filter>Header Files</Filter>
    </ClInclude>
    <ClInclude Include="src\XIBObjectTypes.h">
      <Filter>Header Files</Filter>
    </ClInclude>
    <ClInclude Include="src\_UILayoutGuide.h">
      <Filter>Header Files</Filter>
    </ClInclude>
  </ItemGroup>
  <ItemGroup>
    <ClCompile Include="..\src\utils\miscutils.cpp">
      <Filter>Source Files</Filter>
    </ClCompile>
    <ClCompile Include="..\src\utils\versionutils.cpp">
      <Filter>Source Files</Filter>
    </ClCompile>
    <ClCompile Include="src\MKMapView.cpp">
      <Filter>Source Files</Filter>
    </ClCompile>
    <ClCompile Include="src\NIBWriter.cpp">
      <Filter>Source Files</Filter>
    </ClCompile>
    <ClCompile Include="src\NSLayoutConstraint.cpp">
      <Filter>Source Files</Filter>
    </ClCompile>
    <ClCompile Include="src\ObjectConverter.cpp">
      <Filter>Source Files</Filter>
    </ClCompile>
    <ClCompile Include="src\UIActivityIndicatorView.cpp">
      <Filter>Source Files</Filter>
    </ClCompile>
    <ClCompile Include="src\UIBarButtonItem.cpp">
      <Filter>Source Files</Filter>
    </ClCompile>
    <ClCompile Include="src\UIButton.cpp">
      <Filter>Source Files</Filter>
    </ClCompile>
    <ClCompile Include="src\UICollectionView.cpp">
      <Filter>Source Files</Filter>
    </ClCompile>
    <ClCompile Include="src\UICollectionViewCell.cpp">
      <Filter>Source Files</Filter>
    </ClCompile>
    <ClCompile Include="src\UICollectionViewController.cpp">
      <Filter>Source Files</Filter>
    </ClCompile>
    <ClCompile Include="src\UIColor.cpp">
      <Filter>Source Files</Filter>
    </ClCompile>
    <ClCompile Include="src\UIControl.cpp">
      <Filter>Source Files</Filter>
    </ClCompile>
    <ClCompile Include="src\UICustomResource.cpp">
      <Filter>Source Files</Filter>
    </ClCompile>
    <ClCompile Include="src\UIDatePicker.cpp">
      <Filter>Source Files</Filter>
    </ClCompile>
    <ClCompile Include="src\UIFont.cpp">
      <Filter>Source Files</Filter>
    </ClCompile>
    <ClCompile Include="src\UIGestureRecognizer.cpp">
      <Filter>Source Files</Filter>
    </ClCompile>
    <ClCompile Include="src\UIImageView.cpp">
      <Filter>Source Files</Filter>
    </ClCompile>
    <ClCompile Include="src\UILabel.cpp">
      <Filter>Source Files</Filter>
    </ClCompile>
    <ClCompile Include="src\UINavigationBar.cpp">
      <Filter>Source Files</Filter>
    </ClCompile>
    <ClCompile Include="src\UINavigationController.cpp">
      <Filter>Source Files</Filter>
    </ClCompile>
    <ClCompile Include="src\UINavigationItem.cpp">
      <Filter>Source Files</Filter>
    </ClCompile>
    <ClCompile Include="src\UIPageControl.cpp">
      <Filter>Source Files</Filter>
    </ClCompile>
    <ClCompile Include="src\UIPanGestureRecognizer.cpp">
      <Filter>Source Files</Filter>
    </ClCompile>
    <ClCompile Include="src\UIPickerView.cpp">
      <Filter>Source Files</Filter>
    </ClCompile>
    <ClCompile Include="src\UIPongPressGestureRecognizer.cpp">
      <Filter>Source Files</Filter>
    </ClCompile>
    <ClCompile Include="src\UIProgressView.cpp">
      <Filter>Source Files</Filter>
    </ClCompile>
    <ClCompile Include="src\UIProxyObject.cpp">
      <Filter>Source Files</Filter>
    </ClCompile>
    <ClCompile Include="src\UIRuntimeAccessibilityConfiguration.cpp">
      <Filter>Source Files</Filter>
    </ClCompile>
    <ClCompile Include="src\UIRuntimeEventConnection.cpp">
      <Filter>Source Files</Filter>
    </ClCompile>
    <ClCompile Include="src\UIRuntimeOutletCollectionConnection.cpp">
      <Filter>Source Files</Filter>
    </ClCompile>
    <ClCompile Include="src\UIRuntimeOutletConnection.cpp">
      <Filter>Source Files</Filter>
    </ClCompile>
    <ClCompile Include="src\UIScrollView.cpp">
      <Filter>Source Files</Filter>
    </ClCompile>
    <ClCompile Include="src\UISearchBar.cpp">
      <Filter>Source Files</Filter>
    </ClCompile>
    <ClCompile Include="src\UISearchDisplayController.cpp">
      <Filter>Source Files</Filter>
    </ClCompile>
    <ClCompile Include="src\UISegment.cpp">
      <Filter>Source Files</Filter>
    </ClCompile>
    <ClCompile Include="src\UISegmentedControl.cpp">
      <Filter>Source Files</Filter>
    </ClCompile>
    <ClCompile Include="src\UISlider.cpp">
      <Filter>Source Files</Filter>
    </ClCompile>
    <ClCompile Include="src\UIStackView.cpp">
      <Filter>Source Files</Filter>
    </ClCompile>
    <ClCompile Include="src\UIStepper.cpp">
      <Filter>Source Files</Filter>
    </ClCompile>
    <ClCompile Include="src\UIStoryboardSegue.cpp">
      <Filter>Source Files</Filter>
    </ClCompile>
    <ClCompile Include="src\UISwipeGestureRecognizer.cpp">
      <Filter>Source Files</Filter>
    </ClCompile>
    <ClCompile Include="src\UISwitch.cpp">
      <Filter>Source Files</Filter>
    </ClCompile>
    <ClCompile Include="src\UITabBar.cpp">
      <Filter>Source Files</Filter>
    </ClCompile>
    <ClCompile Include="src\UITabBarController.cpp">
      <Filter>Source Files</Filter>
    </ClCompile>
    <ClCompile Include="src\UITabBarItem.cpp">
      <Filter>Source Files</Filter>
    </ClCompile>
    <ClCompile Include="src\UITableView.cpp">
      <Filter>Source Files</Filter>
    </ClCompile>
    <ClCompile Include="src\UITableViewCell.cpp">
      <Filter>Source Files</Filter>
    </ClCompile>
    <ClCompile Include="src\UITableViewCellContentView.cpp">
      <Filter>Source Files</Filter>
    </ClCompile>
    <ClCompile Include="src\UITableViewController.cpp">
      <Filter>Source Files</Filter>
    </ClCompile>
    <ClCompile Include="src\UITapGestureRecognizer.cpp">
      <Filter>Source Files</Filter>
    </ClCompile>
    <ClCompile Include="src\UITextField.cpp">
      <Filter>Source Files</Filter>
    </ClCompile>
    <ClCompile Include="src\UITextView.cpp">
      <Filter>Source Files</Filter>
    </ClCompile>
    <ClCompile Include="src\UIToolbar.cpp">
      <Filter>Source Files</Filter>
    </ClCompile>
    <ClCompile Include="src\UIView.cpp">
      <Filter>Source Files</Filter>
    </ClCompile>
    <ClCompile Include="src\UIViewController.cpp">
      <Filter>Source Files</Filter>
    </ClCompile>
    <ClCompile Include="src\UIWebView.cpp">
      <Filter>Source Files</Filter>
    </ClCompile>
    <ClCompile Include="src\UIWindow.cpp">
      <Filter>Source Files</Filter>
    </ClCompile>
    <ClCompile Include="src\xib2nib.cpp">
      <Filter>Source Files</Filter>
    </ClCompile>
    <ClCompile Include="src\XIBDictionary.cpp">
      <Filter>Source Files</Filter>
    </ClCompile>
    <ClCompile Include="src\XIBDocument.cpp">
      <Filter>Source Files</Filter>
    </ClCompile>
    <ClCompile Include="src\XIBObject.cpp">
      <Filter>Source Files</Filter>
    </ClCompile>
    <ClCompile Include="src\XIBObjectDouble.cpp">
      <Filter>Source Files</Filter>
    </ClCompile>
    <ClCompile Include="src\XIBObjectFloat.cpp">
      <Filter>Source Files</Filter>
    </ClCompile>
    <ClCompile Include="src\XIBObjectInt.cpp">
      <Filter>Source Files</Filter>
    </ClCompile>
    <ClCompile Include="src\XIBObjectNil.cpp">
      <Filter>Source Files</Filter>
    </ClCompile>
    <ClCompile Include="src\XIBObjectTypes.cpp">
      <Filter>Source Files</Filter>
    </ClCompile>
    <ClCompile Include="src\_UILayoutGuide.cpp">
      <Filter>Source Files</Filter>
    </ClCompile>
  </ItemGroup>
  <ItemGroup>
    <ResourceCompile Include="xib2nib.rc" />
  </ItemGroup>
  <ItemGroup>
    <None Include="Project.json" />
  </ItemGroup>
</Project>