<?xml version="1.0" encoding="utf-8"?>
<Project ToolsVersion="12.0" xmlns="http://schemas.microsoft.com/developer/msbuild/2003">
  <ItemGroup>
    <Filter Include="Common">
      <UniqueIdentifier>{5704ca78-b780-461f-97fe-c508f8c903cd}</UniqueIdentifier>
    </Filter>
    <Filter Include="Assets">
      <UniqueIdentifier>{aa761dc6-f9b9-4eda-80a3-82bc9a15ca60}</UniqueIdentifier>
    </Filter>
    <Filter Include="Images">
      <UniqueIdentifier>{25E6FA43-FF01-4126-8F1E-92EB45214DD7}</UniqueIdentifier>
    </Filter>
    <Filter Include="WOCCatalog">
      <UniqueIdentifier>{55D8E9BF-9E6C-4E98-A13A-FF41052F5976}</UniqueIdentifier>
    </Filter>
    <Filter Include="WOCCatalog\Supporting Files">
      <UniqueIdentifier>{5FEEA738-874F-46C9-A7D5-A874AF59D24E}</UniqueIdentifier>
    </Filter>
    <Filter Include="Xcode Variable Files">
      <UniqueIdentifier>{30E80E94-8A5D-44D7-9328-20412577A7A4}</UniqueIdentifier>
    </Filter>
  </ItemGroup>
  <ItemGroup>
    <Image Include="Assets\Logo.scale-100.png">
      <Filter>Assets</Filter>
    </Image>
    <Image Include="Assets\SmallLogo.scale-100.png">
      <Filter>Assets</Filter>
    </Image>
    <Image Include="Assets\StoreLogo.scale-100.png">
      <Filter>Assets</Filter>
    </Image>
    <Image Include="Assets\SplashScreen.scale-100.png">
      <Filter>Assets</Filter>
    </Image>
    <ClangCompile Include="..\..\WOCCatalog\XamlViewController.m">
      <Filter>WOCCatalog</Filter>
    </ClangCompile>
    <ClangCompile Include="..\..\WOCCatalog\ViewController.m">
      <Filter>WOCCatalog</Filter>
    </ClangCompile>
    <ClangCompile Include="..\..\WOCCatalog\WebViewController.m">
      <Filter>WOCCatalog</Filter>
    </ClangCompile>
    <ClangCompile Include="..\..\WOCCatalog\ButtonsViewController.m">
      <Filter>WOCCatalog</Filter>
    </ClangCompile>
    <ClangCompile Include="..\..\WOCCatalog\BezierViewController.m">
      <Filter>WOCCatalog</Filter>
    </ClangCompile>
    <ClangCompile Include="..\..\WOCCatalog\main.m">
      <Filter>WOCCatalog\Supporting Files</Filter>
    </ClangCompile>
    <ClangCompile Include="..\..\WOCCatalog\TransitionsViewController.m">
      <Filter>WOCCatalog</Filter>
    </ClangCompile>
    <ClangCompile Include="..\..\WOCCatalog\DisplayModeViewController.m">
      <Filter>WOCCatalog</Filter>
    </ClangCompile>
    <ClangCompile Include="..\..\WOCCatalog\AlertsViewController.m">
      <Filter>WOCCatalog</Filter>
    </ClangCompile>
    <ClangCompile Include="..\..\WOCCatalog\AutoLayoutViewController.m">
      <Filter>WOCCatalog</Filter>
    </ClangCompile>
    <ClangCompile Include="..\..\WOCCatalog\SingleImageViewController.m">
      <Filter>WOCCatalog</Filter>
    </ClangCompile>
    <ClangCompile Include="..\..\WOCCatalog\OpenGLES20Controller.m">
      <Filter>WOCCatalog</Filter>
    </ClangCompile>
    <ClangCompile Include="..\..\WOCCatalog\SegmentsViewController.m">
      <Filter>WOCCatalog</Filter>
    </ClangCompile>
    <ClangCompile Include="..\..\WOCCatalog\PhotogridViewController.m">
      <Filter>WOCCatalog</Filter>
    </ClangCompile>
    <ClangCompile Include="..\..\WOCCatalog\ControlsViewController.m">
      <Filter>WOCCatalog</Filter>
    </ClangCompile>
    <ClangCompile Include="..\..\WOCCatalog\MenuTableViewController.m">
      <Filter>WOCCatalog</Filter>
    </ClangCompile>
    <ClangCompile Include="..\..\WOCCatalog\OpenGLES11Controller.m">
      <Filter>WOCCatalog</Filter>
    </ClangCompile>
    <ClangCompile Include="..\..\WOCCatalog\AppDelegate.m">
      <Filter>WOCCatalog</Filter>
    </ClangCompile>
    <ClangCompile Include="..\..\WOCCatalog\SearchBarViewController.m">
      <Filter>WOCCatalog</Filter>
    </ClangCompile>
    <ClangCompile Include="..\..\WOCCatalog\ImagesViewController.m">
      <Filter>WOCCatalog</Filter>
    </ClangCompile>
    <ClangCompile Include="..\..\WOCCatalog\ToolbarsViewController.m">
      <Filter>WOCCatalog</Filter>
    </ClangCompile>
    <ClangCompile Include="..\..\WOCCatalog\TextFieldsViewController.m">
      <Filter>WOCCatalog</Filter>
    </ClangCompile>
    <ClangCompile Include="..\..\WOCCatalog\TextViewViewController.m">
      <Filter>WOCCatalog</Filter>
    </ClangCompile>
    <ClangCompile Include="..\..\WOCCatalog\PickersViewController.m">
      <Filter>WOCCatalog</Filter>
    </ClangCompile>
    <SBResourceCopy Include="..\..\WOCCatalog\Images\photo4.jpg">
      <Filter>Images</Filter>
    </SBResourceCopy>
    <XibCompile Include="..\..\WOCCatalog\BezierViewController.xib">
      <Filter>WOCCatalog</Filter>
    </XibCompile>
    <SBResourceCopy Include="..\..\WOCCatalog\Images\photo8.tif">
      <Filter>Images</Filter>
    </SBResourceCopy>
    <SBResourceCopy Include="..\..\WOCCatalog\Images\segment_check.png">
      <Filter>Images</Filter>
    </SBResourceCopy>
    <SBResourceCopy Include="..\..\WOCCatalog\Images\segment_search.png">
      <Filter>Images</Filter>
    </SBResourceCopy>
    <SBResourceCopy Include="..\..\WOCCatalog\Images\photo1.jpg">
      <Filter>Images</Filter>
    </SBResourceCopy>
    <SBResourceCopy Include="..\..\WOCCatalog\Images\photo7.gif">
      <Filter>Images</Filter>
    </SBResourceCopy>
    <SBResourceCopy Include="..\..\WOCCatalog\Images\photo2.jpg">
      <Filter>Images</Filter>
    </SBResourceCopy>
    <SBResourceCopy Include="..\..\WOCCatalog\Images\photo3.jpg">
      <Filter>Images</Filter>
    </SBResourceCopy>
    <SBResourceCopy Include="..\..\WOCCatalog\Images\photo5.jpg">
      <Filter>Images</Filter>
    </SBResourceCopy>
    <SBResourceCopy Include="..\..\WOCCatalog\Images\photo6.jpg">
      <Filter>Images</Filter>
    </SBResourceCopy>
    <SBResourceCopy Include="..\..\WOCCatalog\Images\whiteButton.png">
      <Filter>Images</Filter>
    </SBResourceCopy>
    <SBResourceCopy Include="..\..\WOCCatalog\Images\blueButton.png">
      <Filter>Images</Filter>
    </SBResourceCopy>
    <SBResourceCopy Include="..\..\WOCCatalog\Images\segment_tools.png">
      <Filter>Images</Filter>
    </SBResourceCopy>
    <SBInfoPlistCopy Include="..\..\WOCCatalog\Info.plist" />
    <Text Include="WOCCatalog-Debug-xcvars.txt">
      <Filter>Xcode Variable Files</Filter>
    </Text>
    <Text Include="WOCCatalog-Release-xcvars.txt">
      <Filter>Xcode Variable Files</Filter>
    </Text>
  </ItemGroup>
  <ItemGroup>
    <AppxManifest Include="Package.appxmanifest" />
  </ItemGroup>
  <ItemGroup>
    <None Include="WOCCatalog_TemporaryKey.pfx" />
  </ItemGroup>
  <ItemGroup>
    <ClangCompile Include="..\..\WOCCatalog\GLKitExampleController.mm">
      <Filter>WOCCatalog</Filter>
    </ClangCompile>
  </ItemGroup>
</Project>
