<?xml version="1.0" encoding="utf-8"?>
<Project ToolsVersion="14.0" xmlns="http://schemas.microsoft.com/developer/msbuild/2003">
  <ItemGroup>
    <Filter Include="CTCatalog">
      <UniqueIdentifier>{CB391438-F3C0-4384-8A5E-399EF2AF908E}</UniqueIdentifier>
    </Filter>
    <Filter Include="CTCatalog\Test">
      <UniqueIdentifier>{79420257-B8E9-4A31-A9DF-CA4201CA4325}</UniqueIdentifier>
    </Filter>
  </ItemGroup>
  <ItemGroup>
    <ClInclude Include="$(MSBuildThisFileDirectory)..\..\CTCatalog\AppDelegate.h">
      <Filter>CTCatalog</Filter>
    </ClInclude>
    <ClInclude Include="$(MSBuildThisFileDirectory)..\..\CTCatalog\Tests\CTCAlignmentTestViewController.h">
      <Filter>CTCatalog\Test</Filter>
    </ClInclude>
    <ClInclude Include="$(MSBuildThisFileDirectory)..\..\CTCatalog\CTCRootViewController.h">
      <Filter>CTCatalog</Filter>
    </ClInclude>
    <ClInclude Include="$(MSBuildThisFileDirectory)..\..\CTCatalog\CTCBaseViewController.h">
      <Filter>CTCatalog</Filter>
    </ClInclude>
    <ClInclude Include="$(MSBuildThisFileDirectory)..\..\CTCatalog\Tests\CTCFontTestViewController.h">
      <Filter>CTCatalog\Test</Filter>
    </ClInclude>
    <ClInclude Include="$(MSBuildThisFileDirectory)..\..\CTCatalog\Tests\CTCFrameTestViewController.h">
      <Filter>CTCatalog\Test</Filter>
    </ClInclude>
    <ClInclude Include="$(MSBuildThisFileDirectory)..\..\CTCatalog\Tests\CTCFramesetterTestViewController.h">
      <Filter>CTCatalog\Test</Filter>
    </ClInclude>
    <ClInclude Include="$(MSBuildThisFileDirectory)..\..\CTCatalog\Tests\CTCLineTestViewController.h">
      <Filter>CTCatalog\Test</Filter>
    </ClInclude>
    <ClInclude Include="$(MSBuildThisFileDirectory)..\..\CTCatalog\Tests\CTCParagraphStyleTestViewController.h">
      <Filter>CTCatalog\Test</Filter>
    </ClInclude>
    <ClInclude Include="$(MSBuildThisFileDirectory)..\..\CTCatalog\Tests\CTCRunTestViewController.h">
      <Filter>CTCatalog\Test</Filter>
    </ClInclude>
  </ItemGroup>
</Project>