<?xml version="1.0"?>
<Project ToolsVersion="14.0" xmlns="http://schemas.microsoft.com/developer/msbuild/2003">
  <ItemGroup>
    <Filter Include="Common">
      <UniqueIdentifier>{4dc5fdc8-a76f-4648-808d-0ee6c2ba3b5d}</UniqueIdentifier>
    </Filter>
    <Filter Include="Assets">
      <UniqueIdentifier>{7d9f7452-b109-48c3-bf6a-efac85f4f678}</UniqueIdentifier>
    </Filter>
    <Filter Include="CGCatalog">
      <UniqueIdentifier>{F18F7C7A-E456-452F-B880-BEA7C0CE2B92}</UniqueIdentifier>
    </Filter>
    <Filter Include="CGCatalog\Resources">
      <UniqueIdentifier>{EFB2BA33-EF2B-400F-B2FF-A2A540C2BF02}</UniqueIdentifier>
    </Filter>
    <Filter Include="CGCatalog\Samples">
      <UniqueIdentifier>{DE3A1064-C807-447E-84FC-340093556F2A}</UniqueIdentifier>
    </Filter>
    <Filter Include="CGCatalog\Supporting Files">
      <UniqueIdentifier>{D21F3BBE-570B-4C49-B426-4B18C0A67256}</UniqueIdentifier>
    </Filter>
    <Filter Include="Xcode Variable Files">
      <UniqueIdentifier>{0F1A39B1-36D2-43BF-8179-D9814E1176A8}</UniqueIdentifier>
    </Filter>
  </ItemGroup>
  <ItemGroup>
    <Xml Include="default.rd.xml" />
    <AppxManifest Include="Package.appxmanifest" />
    <None Include="CGCatalog_TemporaryKey.pfx" />
    <Image Include="Assets\LockScreenLogo.scale-200.png">
      <Filter>Assets</Filter>
    </Image>
    <Image Include="Assets\SplashScreen.scale-200.png">
      <Filter>Assets</Filter>
    </Image>
    <Image Include="Assets\Square150x150Logo.scale-200.png">
      <Filter>Assets</Filter>
    </Image>
    <Image Include="Assets\Square44x44Logo.scale-200.png">
      <Filter>Assets</Filter>
    </Image>
    <Image Include="Assets\Square44x44Logo.targetsize-24_altform-unplated.png">
      <Filter>Assets</Filter>
    </Image>
    <Image Include="Assets\StoreLogo.png">
      <Filter>Assets</Filter>
    </Image>
    <Image Include="Assets\Wide310x150Logo.scale-200.png">
      <Filter>Assets</Filter>
    </Image>
    <ClangCompile Include="..\..\CGCatalog\CGCRootViewController.m">
      <Filter>CGCatalog</Filter>
    </ClangCompile>
    <ClangCompile Include="..\..\CGCatalog\Samples\CGCCGContextReplacePathWithStrokedPath.m">
      <Filter>CGCatalog\Samples</Filter>
    </ClangCompile>
    <ClangCompile Include="..\..\CGCatalog\Samples\CGCCGContextBeginEndTransparencyLayer.m">
      <Filter>CGCatalog\Samples</Filter>
    </ClangCompile>
    <ClangCompile Include="..\..\CGCatalog\Samples\CGCCGContextSetPatternPhase.m">
      <Filter>CGCatalog\Samples</Filter>
    </ClangCompile>
    <ClangCompile Include="..\..\CGCatalog\Samples\CGCCGContextViewController.m">
      <Filter>CGCatalog\Samples</Filter>
    </ClangCompile>
    <ClangCompile Include="..\..\CGCatalog\AppDelegate.m">
      <Filter>CGCatalog</Filter>
    </ClangCompile>
    <ClangCompile Include="..\..\CGCatalog\CGCBaseViewController.m">
      <Filter>CGCatalog</Filter>
    </ClangCompile>
    <ClangCompile Include="..\..\CGCatalog\Samples\CGCCGContextBeginTransparencyLayerWithRect.m">
      <Filter>CGCatalog\Samples</Filter>
    </ClangCompile>
    <ClangCompile Include="..\..\CGCatalog\Samples\CGCCGBitmapContentViewController.m">
      <Filter>CGCatalog\Samples</Filter>
    </ClangCompile>
    <ClangCompile Include="..\..\CGCatalog\Samples\CGCCGPathApplyViewController.m">
      <Filter>CGCatalog\Samples</Filter>
    </ClangCompile>
    <ClangCompile Include="..\..\CGCatalog\main.m">
      <Filter>CGCatalog\Supporting Files</Filter>
    </ClangCompile>
    <SBResourceCopy Include="..\..\CGCatalog\Resources\LogoAutodesk.png">
      <Filter>CGCatalog\Resources</Filter>
    </SBResourceCopy>
    <StoryboardCompile Include="..\..\CGCatalog\Resources\Launch Screen.storyboard">
      <Filter>CGCatalog\Resources</Filter>
    </StoryboardCompile>
    <AssetCatalogCompile Include="..\..\CGCatalog\Resources\Assets.xcassets">
      <Filter>CGCatalog\Resources</Filter>
    </AssetCatalogCompile>
    <SBInfoPlistCopy Include="..\..\CGCatalog\Info.plist" />
    <Text Include="CGCatalog-Debug-xcvars.txt">
      <Filter>Xcode Variable Files</Filter>
    </Text>
    <Text Include="CGCatalog-Release-xcvars.txt">
      <Filter>Xcode Variable Files</Filter>
    </Text>
  </ItemGroup>
</Project>
