Microsoft Visual Studio Solution File, Format Version 12.00
# Visual Studio 14
VisualStudioVersion = 14.0.22823.1
MinimumVisualStudioVersion = 10.0.40219.1
Project("{2150E333-8FDC-42A3-9474-1A3956D46DE8}") = "HelloUI", "HelloUI", "{21278E36-9040-418C-B8FA-C688831074CB}"
EndProject
Project("{8BC9CEB8-8B4A-11D0-8D11-00A0C91BC942}") = "HelloUI", "HelloUI.vsimporter\HelloUI-WinStore10\HelloUI.vcxproj", "{872D8571-5EBC-4539-993E-98F70B7D78B2}"
EndProject
Global
	GlobalSection(SharedMSBuildProjectFiles) = preSolution
	EndGlobalSection
	GlobalSection(SolutionConfigurationPlatforms) = preSolution
		Debug|ARM = Debug|ARM
		Debug|Win32 = Debug|Win32
		Release|ARM = Release|ARM
		Release|Win32 = Release|Win32
	EndGlobalSection
	GlobalSection(ProjectConfigurationPlatforms) = postSolution
		{872D8571-5EBC-4539-993E-98F70B7D78B2}.Debug|ARM.ActiveCfg = Debug|ARM
		{872D8571-5EBC-4539-993E-98F70B7D78B2}.Debug|ARM.Build.0 = Debug|ARM
		{872D8571-5EBC-4539-993E-98F70B7D78B2}.Debug|ARM.Deploy.0 = Debug|ARM
		{872D8571-5EBC-4539-993E-98F70B7D78B2}.Debug|Win32.ActiveCfg = Debug|Win32
		{872D8571-5EBC-4539-993E-98F70B7D78B2}.Debug|Win32.Build.0 = Debug|Win32
		{872D8571-5EBC-4539-993E-98F70B7D78B2}.Debug|Win32.Deploy.0 = Debug|Win32
		{872D8571-5EBC-4539-993E-98F70B7D78B2}.Release|ARM.ActiveCfg = Release|ARM
		{872D8571-5EBC-4539-993E-98F70B7D78B2}.Release|ARM.Build.0 = Release|ARM
		{872D8571-5EBC-4539-993E-98F70B7D78B2}.Release|ARM.Deploy.0 = Release|ARM
		{872D8571-5EBC-4539-993E-98F70B7D78B2}.Release|Win32.ActiveCfg = Release|Win32
		{872D8571-5EBC-4539-993E-98F70B7D78B2}.Release|Win32.Build.0 = Release|Win32
		{872D8571-5EBC-4539-993E-98F70B7D78B2}.Release|Win32.Deploy.0 = Release|Win32
	EndGlobalSection
	GlobalSection(SolutionProperties) = preSolution
		HideSolutionNode = FALSE
	EndGlobalSection
	GlobalSection(NestedProjects) = preSolution
		{872D8571-5EBC-4539-993E-98F70B7D78B2} = {21278E36-9040-418C-B8FA-C688831074CB}
	EndGlobalSection
EndGlobal
