<?xml version="1.0" encoding="utf-8"?>
<Project ToolsVersion="14.0" xmlns="http://schemas.microsoft.com/developer/msbuild/2003">
  <ItemGroup>
    <Filter Include="Common">
      <UniqueIdentifier>{4a8b3797-e90e-4f98-a615-987bd2d6dfb2}</UniqueIdentifier>
    </Filter>
    <Filter Include="Assets">
      <UniqueIdentifier>{5f078ebe-3f4c-41d7-bd0a-5fcd0677a0ba}</UniqueIdentifier>
    </Filter>
    <Filter Include="CoreAnimationTest">
      <UniqueIdentifier>{ADCAACC5-A1D6-481F-B24E-C4DF8D6B9178}</UniqueIdentifier>
    </Filter>
    <Filter Include="CoreAnimationTest\Supporting Files">
      <UniqueIdentifier>{F794F411-5E48-4D66-A81C-0E3F498CF34F}</UniqueIdentifier>
    </Filter>
    <Filter Include="Images">
      <UniqueIdentifier>{6711CE36-7F1B-4F81-AF17-A7FBED3C368B}</UniqueIdentifier>
    </Filter>
    <Filter Include="Xcode Variable Files">
      <UniqueIdentifier>{5D0A9D7C-B504-4D21-82E4-2F424E444D93}</UniqueIdentifier>
    </Filter>
  </ItemGroup>
  <ItemGroup>
    <Xml Include="default.rd.xml" />
    <AppxManifest Include="Package.appxmanifest" />
    <None Include="CoreAnimationTest_TemporaryKey.pfx" />
    <Image Include="Assets\LockScreenLogo.scale-200.png">
      <Filter>Assets</Filter>
    </Image>
    <Image Include="Assets\SplashScreen.scale-200.png">
      <Filter>Assets</Filter>
    </Image>
    <Image Include="Assets\Square150x150Logo.scale-200.png">
      <Filter>Assets</Filter>
    </Image>
    <Image Include="Assets\Square44x44Logo.scale-200.png">
      <Filter>Assets</Filter>
    </Image>
    <Image Include="Assets\Square44x44Logo.targetsize-24_altform-unplated.png">
      <Filter>Assets</Filter>
    </Image>
    <Image Include="Assets\StoreLogo.png">
      <Filter>Assets</Filter>
    </Image>
    <Image Include="Assets\Wide310x150Logo.scale-200.png">
      <Filter>Assets</Filter>
    </Image>
    <AssetCatalogCompile Include="..\..\CoreAnimationTest\Assets.xcassets">
      <Filter>CoreAnimationTest</Filter>
    </AssetCatalogCompile>
    <ClInclude Include="..\..\CoreAnimationTest\AppDelegate.h">
      <Filter>CoreAnimationTest</Filter>
    </ClInclude>
    <ClInclude Include="..\..\CoreAnimationTest\CALayerViewController.h">
      <Filter>CoreAnimationTest</Filter>
    </ClInclude>
    <ClInclude Include="..\..\CoreAnimationTest\MenuTableViewController.h">
      <Filter>CoreAnimationTest</Filter>
    </ClInclude>
    <ClInclude Include="..\..\CoreAnimationTest\ProgrammaticViewController.h">
      <Filter>CoreAnimationTest</Filter>
    </ClInclude>
    <ClInclude Include="..\..\CoreAnimationTest\StoryBoardViewController.h">
      <Filter>CoreAnimationTest</Filter>
    </ClInclude>
    <ClangCompile Include="..\..\CoreAnimationTest\AppDelegate.m">
      <Filter>CoreAnimationTest</Filter>
    </ClangCompile>
    <ClangCompile Include="..\..\CoreAnimationTest\CALayerViewController.m">
      <Filter>CoreAnimationTest</Filter>
    </ClangCompile>
    <ClangCompile Include="..\..\CoreAnimationTest\MenuTableViewController.m">
      <Filter>CoreAnimationTest</Filter>
    </ClangCompile>
    <ClangCompile Include="..\..\CoreAnimationTest\ProgrammaticViewController.m">
      <Filter>CoreAnimationTest</Filter>
    </ClangCompile>
    <ClangCompile Include="..\..\CoreAnimationTest\StoryBoardViewController.m">
      <Filter>CoreAnimationTest</Filter>
    </ClangCompile>
    <ClangCompile Include="..\..\CoreAnimationTest\main.m">
      <Filter>CoreAnimationTest\Supporting Files</Filter>
    </ClangCompile>
    <SBInfoPlistCopy Include="..\..\CoreAnimationTest\Info.plist" />
    <SBResourceCopy Include="..\..\CoreAnimationTest\Images\safe.png">
      <Filter>Images</Filter>
    </SBResourceCopy>
    <StoryboardCompile Include="..\..\CoreAnimationTest\CoreAnimationTest.storyboard">
      <Filter>CoreAnimationTest</Filter>
    </StoryboardCompile>
    <Text Include="CoreAnimationTest-Debug-xcvars.txt">
      <Filter>Xcode Variable Files</Filter>
    </Text>
    <Text Include="CoreAnimationTest-Release-xcvars.txt">
      <Filter>Xcode Variable Files</Filter>
    </Text>
  </ItemGroup>
  <ItemGroup>
    <ApplicationDefinition Include="App.xaml" />
  </ItemGroup>
  <ItemGroup>
    <ClCompile Include="App.xaml.cpp" />
    <ClCompile Include="pch.cpp" />
  </ItemGroup>
  <ItemGroup>
    <ClInclude Include="pch.h" />
    <ClInclude Include="App.xaml.h" />
    <ClInclude Include="..\..\CoreAnimationTest\CALayerAnimationViewController.h">
      <Filter>CoreAnimationTest</Filter>
    </ClInclude>
  </ItemGroup>
  <ItemGroup>
    <ClangCompile Include="..\..\CoreAnimationTest\CALayerAnimationViewController.m">
      <Filter>CoreAnimationTest</Filter>
    </ClangCompile>
  </ItemGroup>
</Project>