<?xml version="1.0"?>
<Project ToolsVersion="14.0" xmlns="http://schemas.microsoft.com/developer/msbuild/2003">
  <ItemGroup>
    <Filter Include="Common">
      <UniqueIdentifier>{1acb552d-7fa1-4888-bb03-c9e5bb23be92}</UniqueIdentifier>
    </Filter>
    <Filter Include="Assets">
      <UniqueIdentifier>{0ff5a6e7-a304-4561-bcbb-7f6543644c88}</UniqueIdentifier>
    </Filter>
    <Filter Include="XamlTest">
      <UniqueIdentifier>{1AA73257-DD6C-4638-8054-87A6BFBF36D2}</UniqueIdentifier>
    </Filter>
    <Filter Include="XamlTest\Supporting Files">
      <UniqueIdentifier>{B6E50746-56B3-40BA-B8F8-464D80BE6787}</UniqueIdentifier>
    </Filter>
    <Filter Include="Xcode Variable Files">
      <UniqueIdentifier>{14B770EE-5108-4EBE-A843-11E7C437DF49}</UniqueIdentifier>
    </Filter>
  </ItemGroup>
  <ItemGroup>
    <Xml Include="default.rd.xml" />
    <AppxManifest Include="Package.appxmanifest" />
    <None Include="XamlTest_TemporaryKey.pfx" />
    <Image Include="Assets\LockScreenLogo.scale-200.png">
      <Filter>Assets</Filter>
    </Image>
    <Image Include="Assets\SplashScreen.scale-200.png">
      <Filter>Assets</Filter>
    </Image>
    <Image Include="Assets\Square150x150Logo.scale-200.png">
      <Filter>Assets</Filter>
    </Image>
    <Image Include="Assets\Square44x44Logo.scale-200.png">
      <Filter>Assets</Filter>
    </Image>
    <Image Include="Assets\Square44x44Logo.targetsize-24_altform-unplated.png">
      <Filter>Assets</Filter>
    </Image>
    <Image Include="Assets\StoreLogo.png">
      <Filter>Assets</Filter>
    </Image>
    <Image Include="Assets\Wide310x150Logo.scale-200.png">
      <Filter>Assets</Filter>
    </Image>
    <AssetCatalogCompile Include="..\..\XamlTest\Images.xcassets">
      <Filter>XamlTest</Filter>
    </AssetCatalogCompile>
    <ClInclude Include="..\..\XamlTest\AppDelegate.h">
      <Filter>XamlTest</Filter>
    </ClInclude>
    <ClInclude Include="..\..\XamlTest\MainViewController.h">
      <Filter>XamlTest</Filter>
    </ClInclude>
    <ClangCompile Include="..\..\XamlTest\AppDelegate.m">
      <Filter>XamlTest</Filter>
    </ClangCompile>
    <ClangCompile Include="..\..\XamlTest\MainViewController.m">
      <Filter>XamlTest</Filter>
    </ClangCompile>
    <ClangCompile Include="..\..\XamlTest\main.m">
      <Filter>XamlTest\Supporting Files</Filter>
    </ClangCompile>
    <SBInfoPlistCopy Include="..\..\XamlTest\Info.plist" />
    <SBResourceCopy Include="..\..\Default-568h@2x.png">
      <Filter>XamlTest\Supporting Files</Filter>
    </SBResourceCopy>
    <Text Include="XamlTest-Debug-xcvars.txt">
      <Filter>Xcode Variable Files</Filter>
    </Text>
    <Text Include="XamlTest-Release-xcvars.txt">
      <Filter>Xcode Variable Files</Filter>
    </Text>
    <XibCompile Include="..\..\XamlTest\MainViewController.xib">
      <Filter>XamlTest</Filter>
    </XibCompile>
  </ItemGroup>
</Project>
