Microsoft Visual Studio Solution File, Format Version 12.00
# Visual Studio 14
VisualStudioVersion = 14.0.22823.1
MinimumVisualStudioVersion = 10.0.40219.1
Project("{2150E333-8FDC-42A3-9474-1A3956D46DE8}") = "HelloGLKit", "HelloGLKit", "{24849947-126C-4C3A-AFEA-09A7DDB0A5C1}"
EndProject
Project("{8BC9CEB8-8B4A-11D0-8D11-00A0C91BC942}") = "HelloGLKit-Headers", "HelloGLKit.vsimporter\HelloGLKit-Headers-WinStore8.1\HelloGLKit-Headers.vcxitems", "{06FE5617-79A9-4BFC-84E2-78F302A3309B}"
EndProject
Project("{8BC9CEB8-8B4A-11D0-8D11-00A0C91BC942}") = "HelloGLKit", "HelloGLKit.vsimporter\HelloGLKit-WinStore8.1\HelloGLKit.vcxproj", "{3FAF016A-0000-4274-ACA5-5681B9125C4D}"
EndProject
Global
	GlobalSection(SharedMSBuildProjectFiles) = preSolution
		HelloGLKit.vsimporter\HelloGLKit-Headers-WinStore8.1\HelloGLKit-Headers.vcxitems*{06FE5617-79A9-4BFC-84E2-78F302A3309B}*SharedItemsImports = 9
		HelloGLKit.vsimporter\HelloGLKit-Headers-WinStore8.1\HelloGLKit-Headers.vcxitems*{3FAF016A-0000-4274-ACA5-5681B9125C4D}*SharedItemsImports = 4
	EndGlobalSection
	GlobalSection(SolutionConfigurationPlatforms) = preSolution
		Debug|Win32 = Debug|Win32
		Release|Win32 = Release|Win32
	EndGlobalSection
	GlobalSection(ProjectConfigurationPlatforms) = postSolution
		{3FAF016A-0000-4274-ACA5-5681B9125C4D}.Debug|Win32.ActiveCfg = Debug|Win32
		{3FAF016A-0000-4274-ACA5-5681B9125C4D}.Debug|Win32.Build.0 = Debug|Win32
		{3FAF016A-0000-4274-ACA5-5681B9125C4D}.Debug|Win32.Deploy.0 = Debug|Win32
		{3FAF016A-0000-4274-ACA5-5681B9125C4D}.Release|Win32.ActiveCfg = Release|Win32
		{3FAF016A-0000-4274-ACA5-5681B9125C4D}.Release|Win32.Build.0 = Release|Win32
		{3FAF016A-0000-4274-ACA5-5681B9125C4D}.Release|Win32.Deploy.0 = Release|Win32
	EndGlobalSection
	GlobalSection(SolutionProperties) = preSolution
		HideSolutionNode = FALSE
	EndGlobalSection
	GlobalSection(NestedProjects) = preSolution
		{06FE5617-79A9-4BFC-84E2-78F302A3309B} = {24849947-126C-4C3A-AFEA-09A7DDB0A5C1}
		{3FAF016A-0000-4274-ACA5-5681B9125C4D} = {24849947-126C-4C3A-AFEA-09A7DDB0A5C1}
	EndGlobalSection
EndGlobal
