Microsoft Visual Studio Solution File, Format Version 12.00
# Visual Studio 14
VisualStudioVersion = 14.0.22823.1
MinimumVisualStudioVersion = 10.0.40219.1
Project("{2150E333-8FDC-42A3-9474-1A3956D46DE8}") = "CTCatalog", "CTCatalog", "{7D9B5308-D449-4857-BD88-9BE535D13FE9}"
EndProject
Project("{8BC9CEB8-8B4A-11D0-8D11-00A0C91BC942}") = "CTCatalog", "CTCatalog.vsimporter\CTCatalog-WinStore10\CTCatalog.vcxproj", "{5FB16118-BF5A-4E1E-A5FD-E2452505BAD6}"
EndProject
Global
	GlobalSection(SharedMSBuildProjectFiles) = preSolution
	EndGlobalSection
	GlobalSection(SolutionConfigurationPlatforms) = preSolution
		Debug|ARM = Debug|ARM
		Debug|Win32 = Debug|Win32
		Release|ARM = Release|ARM
		Release|Win32 = Release|Win32
	EndGlobalSection
	GlobalSection(ProjectConfigurationPlatforms) = postSolution
		{5FB16118-BF5A-4E1E-A5FD-E2452505BAD6}.Debug|ARM.ActiveCfg = Debug|ARM
		{5FB16118-BF5A-4E1E-A5FD-E2452505BAD6}.Debug|ARM.Build.0 = Debug|ARM
		{5FB16118-BF5A-4E1E-A5FD-E2452505BAD6}.Debug|ARM.Deploy.0 = Debug|ARM
		{5FB16118-BF5A-4E1E-A5FD-E2452505BAD6}.Debug|Win32.ActiveCfg = Debug|Win32
		{5FB16118-BF5A-4E1E-A5FD-E2452505BAD6}.Debug|Win32.Build.0 = Debug|Win32
		{5FB16118-BF5A-4E1E-A5FD-E2452505BAD6}.Debug|Win32.Deploy.0 = Debug|Win32
		{5FB16118-BF5A-4E1E-A5FD-E2452505BAD6}.Release|ARM.ActiveCfg = Release|ARM
		{5FB16118-BF5A-4E1E-A5FD-E2452505BAD6}.Release|ARM.Build.0 = Release|ARM
		{5FB16118-BF5A-4E1E-A5FD-E2452505BAD6}.Release|ARM.Deploy.0 = Release|ARM
		{5FB16118-BF5A-4E1E-A5FD-E2452505BAD6}.Release|Win32.ActiveCfg = Release|Win32
		{5FB16118-BF5A-4E1E-A5FD-E2452505BAD6}.Release|Win32.Build.0 = Release|Win32
		{5FB16118-BF5A-4E1E-A5FD-E2452505BAD6}.Release|Win32.Deploy.0 = Release|Win32
	EndGlobalSection
	GlobalSection(SolutionProperties) = preSolution
		HideSolutionNode = FALSE
	EndGlobalSection
	GlobalSection(NestedProjects) = preSolution
		{5FB16118-BF5A-4E1E-A5FD-E2452505BAD6} = {7D9B5308-D449-4857-BD88-9BE535D13FE9}
	EndGlobalSection
EndGlobal
