<?xml version="1.0" encoding="utf-8"?>
<Project ToolsVersion="14.0" xmlns="http://schemas.microsoft.com/developer/msbuild/2003">
  <ItemGroup>
    <Filter Include="Common">
      <UniqueIdentifier>{c781b802-90d5-4c93-9d68-72335cf971f9}</UniqueIdentifier>
    </Filter>
    <Filter Include="Assets">
      <UniqueIdentifier>{60efa1a4-73ad-4b9c-9453-c6a7ca7697ac}</UniqueIdentifier>
    </Filter>
    <Filter Include="HelloGLKit">
      <UniqueIdentifier>{0F697321-5871-4D0B-ACA2-3CB3E38A11D0}</UniqueIdentifier>
    </Filter>
    <Filter Include="HelloGLKit\Supporting Files">
      <UniqueIdentifier>{26CF6ACF-72B4-4EC8-8A9E-C313A141FE9E}</UniqueIdentifier>
    </Filter>
    <Filter Include="Xcode Variable Files">
      <UniqueIdentifier>{3E42869B-042D-4004-A044-779316F6CE6C}</UniqueIdentifier>
    </Filter>
  </ItemGroup>
  <ItemGroup>
    <Image Include="Assets\LockScreenLogo.scale-200.png">
      <Filter>Assets</Filter>
    </Image>
    <Image Include="Assets\SplashScreen.scale-200.png">
      <Filter>Assets</Filter>
    </Image>
    <Image Include="Assets\Square150x150Logo.scale-200.png">
      <Filter>Assets</Filter>
    </Image>
    <Image Include="Assets\Square44x44Logo.scale-200.png">
      <Filter>Assets</Filter>
    </Image>
    <Image Include="Assets\Square44x44Logo.targetsize-24_altform-unplated.png">
      <Filter>Assets</Filter>
    </Image>
    <Image Include="Assets\StoreLogo.png">
      <Filter>Assets</Filter>
    </Image>
    <Image Include="Assets\Wide310x150Logo.scale-200.png">
      <Filter>Assets</Filter>
    </Image>
    <ClangCompile Include="..\..\HelloGLKit\HelloGLKit.mm">
      <Filter>HelloGLKit</Filter>
    </ClangCompile>
    <ClangCompile Include="..\..\HelloGLKit\main.m">
      <Filter>HelloGLKit\Supporting Files</Filter>
    </ClangCompile>
    <ClangCompile Include="..\..\HelloGLKit\GLRenderer.mm">
      <Filter>HelloGLKit</Filter>
    </ClangCompile>
    <AssetCatalogCompile Include="..\..\HelloGLKit\Assets.xcassets">
      <Filter>HelloGLKit</Filter>
    </AssetCatalogCompile>
    <SBInfoPlistCopy Include="..\..\HelloGLKit\Info.plist" />
    <Text Include="HelloGLKit-Debug-xcvars.txt">
      <Filter>Xcode Variable Files</Filter>
    </Text>
    <Text Include="HelloGLKit-Release-xcvars.txt">
      <Filter>Xcode Variable Files</Filter>
    </Text>
  </ItemGroup>
  <ItemGroup>
    <AppxManifest Include="Package.appxmanifest" />
  </ItemGroup>
  <ItemGroup>
    <None Include="HelloGLKit_TemporaryKey.pfx" />
  </ItemGroup>
  <ItemGroup>
    <Xml Include="default.rd.xml" />
  </ItemGroup>
</Project>