
Microsoft Visual Studio Solution File, Format Version 12.00
# Visual Studio 15
VisualStudioVersion = 15.0.26228.4
MinimumVisualStudioVersion = 15.0.0.0
Project("{8BC9CEB8-8B4A-11D0-8D11-00A0C91BC942}") = "MinAppCppCx", "MinAppCppCx\MinAppCppCx.vcxproj", "{9B700D2D-E91B-454B-BEC2-B38B5A19C4AC}"
EndProject
Global
	GlobalSection(SolutionConfigurationPlatforms) = preSolution
		Debug|ARM = Debug|ARM
		Debug|x64 = Debug|x64
		Debug|Win32 = Debug|Win32
		Release|ARM = Release|ARM
		Release|x64 = Release|x64
		Release|Win32 = Release|Win32
	EndGlobalSection
	GlobalSection(ProjectConfigurationPlatforms) = postSolution
		{9B700D2D-E91B-454B-BEC2-B38B5A19C4AC}.Debug|ARM.ActiveCfg = Debug|ARM
		{9B700D2D-E91B-454B-BEC2-B38B5A19C4AC}.Debug|ARM.Build.0 = Debug|ARM
		{9B700D2D-E91B-454B-BEC2-B38B5A19C4AC}.Debug|ARM.Deploy.0 = Debug|ARM
		{9B700D2D-E91B-454B-BEC2-B38B5A19C4AC}.Debug|x64.ActiveCfg = Debug|x64
		{9B700D2D-E91B-454B-BEC2-B38B5A19C4AC}.Debug|x64.Build.0 = Debug|x64
		{9B700D2D-E91B-454B-BEC2-B38B5A19C4AC}.Debug|x64.Deploy.0 = Debug|x64
		{9B700D2D-E91B-454B-BEC2-B38B5A19C4AC}.Debug|Win32.ActiveCfg = Debug|Win32
		{9B700D2D-E91B-454B-BEC2-B38B5A19C4AC}.Debug|Win32.Build.0 = Debug|Win32
		{9B700D2D-E91B-454B-BEC2-B38B5A19C4AC}.Debug|Win32.Deploy.0 = Debug|Win32
		{9B700D2D-E91B-454B-BEC2-B38B5A19C4AC}.Release|ARM.ActiveCfg = Release|ARM
		{9B700D2D-E91B-454B-BEC2-B38B5A19C4AC}.Release|ARM.Build.0 = Release|ARM
		{9B700D2D-E91B-454B-BEC2-B38B5A19C4AC}.Release|ARM.Deploy.0 = Release|ARM
		{9B700D2D-E91B-454B-BEC2-B38B5A19C4AC}.Release|x64.ActiveCfg = Release|x64
		{9B700D2D-E91B-454B-BEC2-B38B5A19C4AC}.Release|x64.Build.0 = Release|x64
		{9B700D2D-E91B-454B-BEC2-B38B5A19C4AC}.Release|x64.Deploy.0 = Release|x64
		{9B700D2D-E91B-454B-BEC2-B38B5A19C4AC}.Release|Win32.ActiveCfg = Release|Win32
		{9B700D2D-E91B-454B-BEC2-B38B5A19C4AC}.Release|Win32.Build.0 = Release|Win32
		{9B700D2D-E91B-454B-BEC2-B38B5A19C4AC}.Release|Win32.Deploy.0 = Release|Win32
	EndGlobalSection
	GlobalSection(SolutionProperties) = preSolution
		HideSolutionNode = FALSE
	EndGlobalSection
EndGlobal
