// !$*UTF8*$!
{
	archiveVersion = 1;
	classes = {
	};
	objectVersion = 46;
	objects = {

/* Begin PBXBuildFile section */
		8B26EDDE1E203B76006ABFA6 /* HelloOpenGL.m in Sources */ = {isa = PBXBuildFile; fileRef = 8B26EDDA1E203B76006ABFA6 /* HelloOpenGL.m */; };
		8B26EDDF1E203B76006ABFA6 /* main.m in Sources */ = {isa = PBXBuildFile; fileRef = 8B26EDDB1E203B76006ABFA6 /* main.m */; };
		8B26EDE01E203B76006ABFA6 /* OpenGLES20Controller.m in Sources */ = {isa = PBXBuildFile; fileRef = 8B26EDDD1E203B76006ABFA6 /* OpenGLES20Controller.m */; };
		8BEC89D11E2026980002F77A /* Main.storyboard in Resources */ = {isa = PBXBuildFile; fileRef = 8BEC89CF1E2026980002F77A /* Main.storyboard */; };
		8BEC89D31E2026980002F77A /* Assets.xcassets in Resources */ = {isa = PBXBuildFile; fileRef = 8BEC89D21E2026980002F77A /* Assets.xcassets */; };
		8BEC89D61E2026980002F77A /* LaunchScreen.storyboard in Resources */ = {isa = PBXBuildFile; fileRef = 8BEC89D41E2026980002F77A /* LaunchScreen.storyboard */; };
/* End PBXBuildFile section */

/* Begin PBXFileReference section */
		8B26EDDA1E203B76006ABFA6 /* HelloOpenGL.m */ = {isa = PBXFileReference; fileEncoding = 4; lastKnownFileType = sourcecode.c.objc; path = HelloOpenGL.m; sourceTree = "<group>"; };
		8B26EDDB1E203B76006ABFA6 /* main.m */ = {isa = PBXFileReference; fileEncoding = 4; lastKnownFileType = sourcecode.c.objc; path = main.m; sourceTree = "<group>"; };
		8B26EDDC1E203B76006ABFA6 /* OpenGLES20Controller.h */ = {isa = PBXFileReference; fileEncoding = 4; lastKnownFileType = sourcecode.c.h; path = OpenGLES20Controller.h; sourceTree = "<group>"; };
		8B26EDDD1E203B76006ABFA6 /* OpenGLES20Controller.m */ = {isa = PBXFileReference; fileEncoding = 4; lastKnownFileType = sourcecode.c.objc; path = OpenGLES20Controller.m; sourceTree = "<group>"; };
		8BEC89C31E2026970002F77A /* HelloOpenGL.app */ = {isa = PBXFileReference; explicitFileType = wrapper.application; includeInIndex = 0; path = HelloOpenGL.app; sourceTree = BUILT_PRODUCTS_DIR; };
		8BEC89D01E2026980002F77A /* Base */ = {isa = PBXFileReference; lastKnownFileType = file.storyboard; name = Base; path = Base.lproj/Main.storyboard; sourceTree = "<group>"; };
		8BEC89D21E2026980002F77A /* Assets.xcassets */ = {isa = PBXFileReference; lastKnownFileType = folder.assetcatalog; path = Assets.xcassets; sourceTree = "<group>"; };
		8BEC89D51E2026980002F77A /* Base */ = {isa = PBXFileReference; lastKnownFileType = file.storyboard; name = Base; path = Base.lproj/LaunchScreen.storyboard; sourceTree = "<group>"; };
		8BEC89D71E2026980002F77A /* Info.plist */ = {isa = PBXFileReference; lastKnownFileType = text.plist.xml; path = Info.plist; sourceTree = "<group>"; };
/* End PBXFileReference section */

/* Begin PBXFrameworksBuildPhase section */
		8BEC89C01E2026970002F77A /* Frameworks */ = {
			isa = PBXFrameworksBuildPhase;
			buildActionMask = 2147483647;
			files = (
			);
			runOnlyForDeploymentPostprocessing = 0;
		};
/* End PBXFrameworksBuildPhase section */

/* Begin PBXGroup section */
		8BEC89BA1E2026970002F77A = {
			isa = PBXGroup;
			children = (
				8BEC89C51E2026970002F77A /* HelloOpenGL */,
				8BEC89C41E2026970002F77A /* Products */,
			);
			sourceTree = "<group>";
		};
		8BEC89C41E2026970002F77A /* Products */ = {
			isa = PBXGroup;
			children = (
				8BEC89C31E2026970002F77A /* HelloOpenGL.app */,
			);
			name = Products;
			sourceTree = "<group>";
		};
		8BEC89C51E2026970002F77A /* HelloOpenGL */ = {
			isa = PBXGroup;
			children = (
				8B26EDDA1E203B76006ABFA6 /* HelloOpenGL.m */,
				8B26EDDB1E203B76006ABFA6 /* main.m */,
				8B26EDDC1E203B76006ABFA6 /* OpenGLES20Controller.h */,
				8B26EDDD1E203B76006ABFA6 /* OpenGLES20Controller.m */,
				8BEC89CF1E2026980002F77A /* Main.storyboard */,
				8BEC89D21E2026980002F77A /* Assets.xcassets */,
				8BEC89D41E2026980002F77A /* LaunchScreen.storyboard */,
				8BEC89D71E2026980002F77A /* Info.plist */,
			);
			path = HelloOpenGL;
			sourceTree = "<group>";
		};
/* End PBXGroup section */

/* Begin PBXNativeTarget section */
		8BEC89C21E2026970002F77A /* HelloOpenGL */ = {
			isa = PBXNativeTarget;
			buildConfigurationList = 8BEC89DA1E2026980002F77A /* Build configuration list for PBXNativeTarget "HelloOpenGL" */;
			buildPhases = (
				8BEC89BF1E2026970002F77A /* Sources */,
				8BEC89C01E2026970002F77A /* Frameworks */,
				8BEC89C11E2026970002F77A /* Resources */,
			);
			buildRules = (
			);
			dependencies = (
			);
			name = HelloOpenGL;
			productName = HelloOpenGL;
			productReference = 8BEC89C31E2026970002F77A /* HelloOpenGL.app */;
			productType = "com.apple.product-type.application";
		};
/* End PBXNativeTarget section */

/* Begin PBXProject section */
		8BEC89BB1E2026970002F77A /* Project object */ = {
			isa = PBXProject;
			attributes = {
				LastUpgradeCheck = 0800;
				ORGANIZATIONNAME = "Henry Fox";
				TargetAttributes = {
					8BEC89C21E2026970002F77A = {
						CreatedOnToolsVersion = 8.0;
						ProvisioningStyle = Automatic;
					};
				};
			};
			buildConfigurationList = 8BEC89BE1E2026970002F77A /* Build configuration list for PBXProject "HelloOpenGL" */;
			compatibilityVersion = "Xcode 3.2";
			developmentRegion = English;
			hasScannedForEncodings = 0;
			knownRegions = (
				en,
				Base,
			);
			mainGroup = 8BEC89BA1E2026970002F77A;
			productRefGroup = 8BEC89C41E2026970002F77A /* Products */;
			projectDirPath = "";
			projectRoot = "";
			targets = (
				8BEC89C21E2026970002F77A /* HelloOpenGL */,
			);
		};
/* End PBXProject section */

/* Begin PBXResourcesBuildPhase section */
		8BEC89C11E2026970002F77A /* Resources */ = {
			isa = PBXResourcesBuildPhase;
			buildActionMask = 2147483647;
			files = (
				8BEC89D61E2026980002F77A /* LaunchScreen.storyboard in Resources */,
				8BEC89D31E2026980002F77A /* Assets.xcassets in Resources */,
				8BEC89D11E2026980002F77A /* Main.storyboard in Resources */,
			);
			runOnlyForDeploymentPostprocessing = 0;
		};
/* End PBXResourcesBuildPhase section */

/* Begin PBXSourcesBuildPhase section */
		8BEC89BF1E2026970002F77A /* Sources */ = {
			isa = PBXSourcesBuildPhase;
			buildActionMask = 2147483647;
			files = (
				8B26EDDF1E203B76006ABFA6 /* main.m in Sources */,
				8B26EDDE1E203B76006ABFA6 /* HelloOpenGL.m in Sources */,
				8B26EDE01E203B76006ABFA6 /* OpenGLES20Controller.m in Sources */,
			);
			runOnlyForDeploymentPostprocessing = 0;
		};
/* End PBXSourcesBuildPhase section */

/* Begin PBXVariantGroup section */
		8BEC89CF1E2026980002F77A /* Main.storyboard */ = {
			isa = PBXVariantGroup;
			children = (
				8BEC89D01E2026980002F77A /* Base */,
			);
			name = Main.storyboard;
			sourceTree = "<group>";
		};
		8BEC89D41E2026980002F77A /* LaunchScreen.storyboard */ = {
			isa = PBXVariantGroup;
			children = (
				8BEC89D51E2026980002F77A /* Base */,
			);
			name = LaunchScreen.storyboard;
			sourceTree = "<group>";
		};
/* End PBXVariantGroup section */

/* Begin XCBuildConfiguration section */
		8BEC89D81E2026980002F77A /* Debug */ = {
			isa = XCBuildConfiguration;
			buildSettings = {
				ALWAYS_SEARCH_USER_PATHS = NO;
				CLANG_ANALYZER_NONNULL = YES;
				CLANG_CXX_LANGUAGE_STANDARD = "gnu++0x";
				CLANG_CXX_LIBRARY = "libc++";
				CLANG_ENABLE_MODULES = YES;
				CLANG_ENABLE_OBJC_ARC = YES;
				CLANG_WARN_BOOL_CONVERSION = YES;
				CLANG_WARN_CONSTANT_CONVERSION = YES;
				CLANG_WARN_DIRECT_OBJC_ISA_USAGE = YES_ERROR;
				CLANG_WARN_DOCUMENTATION_COMMENTS = YES;
				CLANG_WARN_EMPTY_BODY = YES;
				CLANG_WARN_ENUM_CONVERSION = YES;
				CLANG_WARN_INFINITE_RECURSION = YES;
				CLANG_WARN_INT_CONVERSION = YES;
				CLANG_WARN_OBJC_ROOT_CLASS = YES_ERROR;
				CLANG_WARN_SUSPICIOUS_MOVES = YES;
				CLANG_WARN_UNREACHABLE_CODE = YES;
				CLANG_WARN__DUPLICATE_METHOD_MATCH = YES;
				"CODE_SIGN_IDENTITY[sdk=iphoneos*]" = "iPhone Developer";
				COPY_PHASE_STRIP = NO;
				DEBUG_INFORMATION_FORMAT = dwarf;
				ENABLE_STRICT_OBJC_MSGSEND = YES;
				ENABLE_TESTABILITY = YES;
				GCC_C_LANGUAGE_STANDARD = gnu99;
				GCC_DYNAMIC_NO_PIC = NO;
				GCC_NO_COMMON_BLOCKS = YES;
				GCC_OPTIMIZATION_LEVEL = 0;
				GCC_PREPROCESSOR_DEFINITIONS = (
					"DEBUG=1",
					"$(inherited)",
				);
				GCC_WARN_64_TO_32_BIT_CONVERSION = YES;
				GCC_WARN_ABOUT_RETURN_TYPE = YES_ERROR;
				GCC_WARN_UNDECLARED_SELECTOR = YES;
				GCC_WARN_UNINITIALIZED_AUTOS = YES_AGGRESSIVE;
				GCC_WARN_UNUSED_FUNCTION = YES;
				GCC_WARN_UNUSED_VARIABLE = YES;
				IPHONEOS_DEPLOYMENT_TARGET = 10.0;
				MTL_ENABLE_DEBUG_INFO = YES;
				ONLY_ACTIVE_ARCH = YES;
				SDKROOT = iphoneos;
				TARGETED_DEVICE_FAMILY = "1,2";
			};
			name = Debug;
		};
		8BEC89D91E2026980002F77A /* Release */ = {
			isa = XCBuildConfiguration;
			buildSettings = {
				ALWAYS_SEARCH_USER_PATHS = NO;
				CLANG_ANALYZER_NONNULL = YES;
				CLANG_CXX_LANGUAGE_STANDARD = "gnu++0x";
				CLANG_CXX_LIBRARY = "libc++";
				CLANG_ENABLE_MODULES = YES;
				CLANG_ENABLE_OBJC_ARC = YES;
				CLANG_WARN_BOOL_CONVERSION = YES;
				CLANG_WARN_CONSTANT_CONVERSION = YES;
				CLANG_WARN_DIRECT_OBJC_ISA_USAGE = YES_ERROR;
				CLANG_WARN_DOCUMENTATION_COMMENTS = YES;
				CLANG_WARN_EMPTY_BODY = YES;
				CLANG_WARN_ENUM_CONVERSION = YES;
				CLANG_WARN_INFINITE_RECURSION = YES;
				CLANG_WARN_INT_CONVERSION = YES;
				CLANG_WARN_OBJC_ROOT_CLASS = YES_ERROR;
				CLANG_WARN_SUSPICIOUS_MOVES = YES;
				CLANG_WARN_UNREACHABLE_CODE = YES;
				CLANG_WARN__DUPLICATE_METHOD_MATCH = YES;
				"CODE_SIGN_IDENTITY[sdk=iphoneos*]" = "iPhone Developer";
				COPY_PHASE_STRIP = NO;
				DEBUG_INFORMATION_FORMAT = "dwarf-with-dsym";
				ENABLE_NS_ASSERTIONS = NO;
				ENABLE_STRICT_OBJC_MSGSEND = YES;
				GCC_C_LANGUAGE_STANDARD = gnu99;
				GCC_NO_COMMON_BLOCKS = YES;
				GCC_WARN_64_TO_32_BIT_CONVERSION = YES;
				GCC_WARN_ABOUT_RETURN_TYPE = YES_ERROR;
				GCC_WARN_UNDECLARED_SELECTOR = YES;
				GCC_WARN_UNINITIALIZED_AUTOS = YES_AGGRESSIVE;
				GCC_WARN_UNUSED_FUNCTION = YES;
				GCC_WARN_UNUSED_VARIABLE = YES;
				IPHONEOS_DEPLOYMENT_TARGET = 10.0;
				MTL_ENABLE_DEBUG_INFO = NO;
				SDKROOT = iphoneos;
				TARGETED_DEVICE_FAMILY = "1,2";
				VALIDATE_PRODUCT = YES;
			};
			name = Release;
		};
		8BEC89DB1E2026980002F77A /* Debug */ = {
			isa = XCBuildConfiguration;
			buildSettings = {
				ASSETCATALOG_COMPILER_APPICON_NAME = AppIcon;
				INFOPLIST_FILE = HelloOpenGL/Info.plist;
				LD_RUNPATH_SEARCH_PATHS = "$(inherited) @executable_path/Frameworks";
				PRODUCT_BUNDLE_IDENTIFIER = test.HelloOpenGL;
				PRODUCT_NAME = "$(TARGET_NAME)";
			};
			name = Debug;
		};
		8BEC89DC1E2026980002F77A /* Release */ = {
			isa = XCBuildConfiguration;
			buildSettings = {
				ASSETCATALOG_COMPILER_APPICON_NAME = AppIcon;
				INFOPLIST_FILE = HelloOpenGL/Info.plist;
				LD_RUNPATH_SEARCH_PATHS = "$(inherited) @executable_path/Frameworks";
				PRODUCT_BUNDLE_IDENTIFIER = test.HelloOpenGL;
				PRODUCT_NAME = "$(TARGET_NAME)";
			};
			name = Release;
		};
/* End XCBuildConfiguration section */

/* Begin XCConfigurationList section */
		8BEC89BE1E2026970002F77A /* Build configuration list for PBXProject "HelloOpenGL" */ = {
			isa = XCConfigurationList;
			buildConfigurations = (
				8BEC89D81E2026980002F77A /* Debug */,
				8BEC89D91E2026980002F77A /* Release */,
			);
			defaultConfigurationIsVisible = 0;
			defaultConfigurationName = Release;
		};
		8BEC89DA1E2026980002F77A /* Build configuration list for PBXNativeTarget "HelloOpenGL" */ = {
			isa = XCConfigurationList;
			buildConfigurations = (
				8BEC89DB1E2026980002F77A /* Debug */,
				8BEC89DC1E2026980002F77A /* Release */,
			);
			defaultConfigurationIsVisible = 0;
			defaultConfigurationName = Release;
		};
/* End XCConfigurationList section */
	};
	rootObject = 8BEC89BB1E2026970002F77A /* Project object */;
}
