// !$*UTF8*$!
{
	archiveVersion = 1;
	classes = {
	};
	objectVersion = 46;
	objects = {

/* Begin PBXBuildFile section */
		C680AC3E1BCCD5B50021187B /* main.m in Sources */ = {isa = PBXBuildFile; fileRef = C680AC3D1BCCD5B50021187B /* main.m */; };
		C680AC411BCCD5B50021187B /* AppDelegate.m in Sources */ = {isa = PBXBuildFile; fileRef = C680AC401BCCD5B50021187B /* AppDelegate.m */; };
		C680AC441BCCD5B50021187B /* ViewController.m in Sources */ = {isa = PBXBuildFile; fileRef = C680AC431BCCD5B50021187B /* ViewController.m */; };
		C680AC471BCCD5B50021187B /* Main.storyboard in Resources */ = {isa = PBXBuildFile; fileRef = C680AC451BCCD5B50021187B /* Main.storyboard */; };
		C680AC491BCCD5B50021187B /* Assets.xcassets in Resources */ = {isa = PBXBuildFile; fileRef = C680AC481BCCD5B50021187B /* Assets.xcassets */; };
		C680AC4C1BCCD5B50021187B /* LaunchScreen.storyboard in Resources */ = {isa = PBXBuildFile; fileRef = C680AC4A1BCCD5B50021187B /* LaunchScreen.storyboard */; };
/* End PBXBuildFile section */

/* Begin PBXFileReference section */
		C680AC391BCCD5B50021187B /* BasicView.app */ = {isa = PBXFileReference; explicitFileType = wrapper.application; includeInIndex = 0; path = BasicView.app; sourceTree = BUILT_PRODUCTS_DIR; };
		C680AC3D1BCCD5B50021187B /* main.m */ = {isa = PBXFileReference; lastKnownFileType = sourcecode.c.objc; path = main.m; sourceTree = "<group>"; };
		C680AC3F1BCCD5B50021187B /* AppDelegate.h */ = {isa = PBXFileReference; lastKnownFileType = sourcecode.c.h; path = AppDelegate.h; sourceTree = "<group>"; };
		C680AC401BCCD5B50021187B /* AppDelegate.m */ = {isa = PBXFileReference; lastKnownFileType = sourcecode.c.objc; path = AppDelegate.m; sourceTree = "<group>"; };
		C680AC421BCCD5B50021187B /* ViewController.h */ = {isa = PBXFileReference; lastKnownFileType = sourcecode.c.h; path = ViewController.h; sourceTree = "<group>"; };
		C680AC431BCCD5B50021187B /* ViewController.m */ = {isa = PBXFileReference; lastKnownFileType = sourcecode.c.objc; path = ViewController.m; sourceTree = "<group>"; };
		C680AC461BCCD5B50021187B /* Base */ = {isa = PBXFileReference; lastKnownFileType = file.storyboard; name = Base; path = Base.lproj/Main.storyboard; sourceTree = "<group>"; };
		C680AC481BCCD5B50021187B /* Assets.xcassets */ = {isa = PBXFileReference; lastKnownFileType = folder.assetcatalog; path = Assets.xcassets; sourceTree = "<group>"; };
		C680AC4B1BCCD5B50021187B /* Base */ = {isa = PBXFileReference; lastKnownFileType = file.storyboard; name = Base; path = Base.lproj/LaunchScreen.storyboard; sourceTree = "<group>"; };
		C680AC4D1BCCD5B50021187B /* Info.plist */ = {isa = PBXFileReference; lastKnownFileType = text.plist.xml; path = Info.plist; sourceTree = "<group>"; };
/* End PBXFileReference section */

/* Begin PBXFrameworksBuildPhase section */
		C680AC361BCCD5B50021187B /* Frameworks */ = {
			isa = PBXFrameworksBuildPhase;
			buildActionMask = 2147483647;
			files = (
			);
			runOnlyForDeploymentPostprocessing = 0;
		};
/* End PBXFrameworksBuildPhase section */

/* Begin PBXGroup section */
		C680AC301BCCD5B50021187B = {
			isa = PBXGroup;
			children = (
				C680AC3B1BCCD5B50021187B /* BasicView */,
				C680AC3A1BCCD5B50021187B /* Products */,
			);
			sourceTree = "<group>";
		};
		C680AC3A1BCCD5B50021187B /* Products */ = {
			isa = PBXGroup;
			children = (
				C680AC391BCCD5B50021187B /* BasicView.app */,
			);
			name = Products;
			sourceTree = "<group>";
		};
		C680AC3B1BCCD5B50021187B /* BasicView */ = {
			isa = PBXGroup;
			children = (
				C680AC3F1BCCD5B50021187B /* AppDelegate.h */,
				C680AC401BCCD5B50021187B /* AppDelegate.m */,
				C680AC421BCCD5B50021187B /* ViewController.h */,
				C680AC431BCCD5B50021187B /* ViewController.m */,
				C680AC451BCCD5B50021187B /* Main.storyboard */,
				C680AC481BCCD5B50021187B /* Assets.xcassets */,
				C680AC4A1BCCD5B50021187B /* LaunchScreen.storyboard */,
				C680AC4D1BCCD5B50021187B /* Info.plist */,
				C680AC3C1BCCD5B50021187B /* Supporting Files */,
			);
			path = BasicView;
			sourceTree = "<group>";
		};
		C680AC3C1BCCD5B50021187B /* Supporting Files */ = {
			isa = PBXGroup;
			children = (
				C680AC3D1BCCD5B50021187B /* main.m */,
			);
			name = "Supporting Files";
			sourceTree = "<group>";
		};
/* End PBXGroup section */

/* Begin PBXNativeTarget section */
		C680AC381BCCD5B50021187B /* BasicView */ = {
			isa = PBXNativeTarget;
			buildConfigurationList = C680AC501BCCD5B50021187B /* Build configuration list for PBXNativeTarget "BasicView" */;
			buildPhases = (
				C680AC351BCCD5B50021187B /* Sources */,
				C680AC361BCCD5B50021187B /* Frameworks */,
				C680AC371BCCD5B50021187B /* Resources */,
			);
			buildRules = (
			);
			dependencies = (
			);
			name = BasicView;
			productName = BasicView;
			productReference = C680AC391BCCD5B50021187B /* BasicView.app */;
			productType = "com.apple.product-type.application";
		};
/* End PBXNativeTarget section */

/* Begin PBXProject section */
		C680AC311BCCD5B50021187B /* Project object */ = {
			isa = PBXProject;
			attributes = {
				LastUpgradeCheck = 0700;
				ORGANIZATIONNAME = "Nithish Mahalingam";
				TargetAttributes = {
					C680AC381BCCD5B50021187B = {
						CreatedOnToolsVersion = 7.0.1;
					};
				};
			};
			buildConfigurationList = C680AC341BCCD5B50021187B /* Build configuration list for PBXProject "BasicView" */;
			compatibilityVersion = "Xcode 3.2";
			developmentRegion = English;
			hasScannedForEncodings = 0;
			knownRegions = (
				en,
				Base,
			);
			mainGroup = C680AC301BCCD5B50021187B;
			productRefGroup = C680AC3A1BCCD5B50021187B /* Products */;
			projectDirPath = "";
			projectRoot = "";
			targets = (
				C680AC381BCCD5B50021187B /* BasicView */,
			);
		};
/* End PBXProject section */

/* Begin PBXResourcesBuildPhase section */
		C680AC371BCCD5B50021187B /* Resources */ = {
			isa = PBXResourcesBuildPhase;
			buildActionMask = 2147483647;
			files = (
				C680AC4C1BCCD5B50021187B /* LaunchScreen.storyboard in Resources */,
				C680AC491BCCD5B50021187B /* Assets.xcassets in Resources */,
				C680AC471BCCD5B50021187B /* Main.storyboard in Resources */,
			);
			runOnlyForDeploymentPostprocessing = 0;
		};
/* End PBXResourcesBuildPhase section */

/* Begin PBXSourcesBuildPhase section */
		C680AC351BCCD5B50021187B /* Sources */ = {
			isa = PBXSourcesBuildPhase;
			buildActionMask = 2147483647;
			files = (
				C680AC441BCCD5B50021187B /* ViewController.m in Sources */,
				C680AC411BCCD5B50021187B /* AppDelegate.m in Sources */,
				C680AC3E1BCCD5B50021187B /* main.m in Sources */,
			);
			runOnlyForDeploymentPostprocessing = 0;
		};
/* End PBXSourcesBuildPhase section */

/* Begin PBXVariantGroup section */
		C680AC451BCCD5B50021187B /* Main.storyboard */ = {
			isa = PBXVariantGroup;
			children = (
				C680AC461BCCD5B50021187B /* Base */,
			);
			name = Main.storyboard;
			sourceTree = "<group>";
		};
		C680AC4A1BCCD5B50021187B /* LaunchScreen.storyboard */ = {
			isa = PBXVariantGroup;
			children = (
				C680AC4B1BCCD5B50021187B /* Base */,
			);
			name = LaunchScreen.storyboard;
			sourceTree = "<group>";
		};
/* End PBXVariantGroup section */

/* Begin XCBuildConfiguration section */
		C680AC4E1BCCD5B50021187B /* Debug */ = {
			isa = XCBuildConfiguration;
			buildSettings = {
				ALWAYS_SEARCH_USER_PATHS = NO;
				CLANG_CXX_LANGUAGE_STANDARD = "gnu++0x";
				CLANG_CXX_LIBRARY = "libc++";
				CLANG_ENABLE_MODULES = YES;
				CLANG_ENABLE_OBJC_ARC = YES;
				CLANG_WARN_BOOL_CONVERSION = YES;
				CLANG_WARN_CONSTANT_CONVERSION = YES;
				CLANG_WARN_DIRECT_OBJC_ISA_USAGE = YES_ERROR;
				CLANG_WARN_EMPTY_BODY = YES;
				CLANG_WARN_ENUM_CONVERSION = YES;
				CLANG_WARN_INT_CONVERSION = YES;
				CLANG_WARN_OBJC_ROOT_CLASS = YES_ERROR;
				CLANG_WARN_UNREACHABLE_CODE = YES;
				CLANG_WARN__DUPLICATE_METHOD_MATCH = YES;
				"CODE_SIGN_IDENTITY[sdk=iphoneos*]" = "iPhone Developer";
				COPY_PHASE_STRIP = NO;
				DEBUG_INFORMATION_FORMAT = dwarf;
				ENABLE_STRICT_OBJC_MSGSEND = YES;
				ENABLE_TESTABILITY = YES;
				GCC_C_LANGUAGE_STANDARD = gnu99;
				GCC_DYNAMIC_NO_PIC = NO;
				GCC_NO_COMMON_BLOCKS = YES;
				GCC_OPTIMIZATION_LEVEL = 0;
				GCC_PREPROCESSOR_DEFINITIONS = (
					"DEBUG=1",
					"$(inherited)",
				);
				GCC_WARN_64_TO_32_BIT_CONVERSION = YES;
				GCC_WARN_ABOUT_RETURN_TYPE = YES_ERROR;
				GCC_WARN_UNDECLARED_SELECTOR = YES;
				GCC_WARN_UNINITIALIZED_AUTOS = YES_AGGRESSIVE;
				GCC_WARN_UNUSED_FUNCTION = YES;
				GCC_WARN_UNUSED_VARIABLE = YES;
				IPHONEOS_DEPLOYMENT_TARGET = 9.0;
				MTL_ENABLE_DEBUG_INFO = YES;
				ONLY_ACTIVE_ARCH = YES;
				SDKROOT = iphoneos;
				TARGETED_DEVICE_FAMILY = "1,2";
			};
			name = Debug;
		};
		C680AC4F1BCCD5B50021187B /* Release */ = {
			isa = XCBuildConfiguration;
			buildSettings = {
				ALWAYS_SEARCH_USER_PATHS = NO;
				CLANG_CXX_LANGUAGE_STANDARD = "gnu++0x";
				CLANG_CXX_LIBRARY = "libc++";
				CLANG_ENABLE_MODULES = YES;
				CLANG_ENABLE_OBJC_ARC = YES;
				CLANG_WARN_BOOL_CONVERSION = YES;
				CLANG_WARN_CONSTANT_CONVERSION = YES;
				CLANG_WARN_DIRECT_OBJC_ISA_USAGE = YES_ERROR;
				CLANG_WARN_EMPTY_BODY = YES;
				CLANG_WARN_ENUM_CONVERSION = YES;
				CLANG_WARN_INT_CONVERSION = YES;
				CLANG_WARN_OBJC_ROOT_CLASS = YES_ERROR;
				CLANG_WARN_UNREACHABLE_CODE = YES;
				CLANG_WARN__DUPLICATE_METHOD_MATCH = YES;
				"CODE_SIGN_IDENTITY[sdk=iphoneos*]" = "iPhone Developer";
				COPY_PHASE_STRIP = NO;
				DEBUG_INFORMATION_FORMAT = "dwarf-with-dsym";
				ENABLE_NS_ASSERTIONS = NO;
				ENABLE_STRICT_OBJC_MSGSEND = YES;
				GCC_C_LANGUAGE_STANDARD = gnu99;
				GCC_NO_COMMON_BLOCKS = YES;
				GCC_WARN_64_TO_32_BIT_CONVERSION = YES;
				GCC_WARN_ABOUT_RETURN_TYPE = YES_ERROR;
				GCC_WARN_UNDECLARED_SELECTOR = YES;
				GCC_WARN_UNINITIALIZED_AUTOS = YES_AGGRESSIVE;
				GCC_WARN_UNUSED_FUNCTION = YES;
				GCC_WARN_UNUSED_VARIABLE = YES;
				IPHONEOS_DEPLOYMENT_TARGET = 9.0;
				MTL_ENABLE_DEBUG_INFO = NO;
				SDKROOT = iphoneos;
				TARGETED_DEVICE_FAMILY = "1,2";
				VALIDATE_PRODUCT = YES;
			};
			name = Release;
		};
		C680AC511BCCD5B50021187B /* Debug */ = {
			isa = XCBuildConfiguration;
			buildSettings = {
				ASSETCATALOG_COMPILER_APPICON_NAME = AppIcon;
				INFOPLIST_FILE = BasicView/Info.plist;
				LD_RUNPATH_SEARCH_PATHS = "$(inherited) @executable_path/Frameworks";
				PRODUCT_BUNDLE_IDENTIFIER = com.nithishm.BasicView;
				PRODUCT_NAME = "$(TARGET_NAME)";
			};
			name = Debug;
		};
		C680AC521BCCD5B50021187B /* Release */ = {
			isa = XCBuildConfiguration;
			buildSettings = {
				ASSETCATALOG_COMPILER_APPICON_NAME = AppIcon;
				INFOPLIST_FILE = BasicView/Info.plist;
				LD_RUNPATH_SEARCH_PATHS = "$(inherited) @executable_path/Frameworks";
				PRODUCT_BUNDLE_IDENTIFIER = com.nithishm.BasicView;
				PRODUCT_NAME = "$(TARGET_NAME)";
			};
			name = Release;
		};
/* End XCBuildConfiguration section */

/* Begin XCConfigurationList section */
		C680AC341BCCD5B50021187B /* Build configuration list for PBXProject "BasicView" */ = {
			isa = XCConfigurationList;
			buildConfigurations = (
				C680AC4E1BCCD5B50021187B /* Debug */,
				C680AC4F1BCCD5B50021187B /* Release */,
			);
			defaultConfigurationIsVisible = 0;
			defaultConfigurationName = Release;
		};
		C680AC501BCCD5B50021187B /* Build configuration list for PBXNativeTarget "BasicView" */ = {
			isa = XCConfigurationList;
			buildConfigurations = (
				C680AC511BCCD5B50021187B /* Debug */,
				C680AC521BCCD5B50021187B /* Release */,
			);
			defaultConfigurationIsVisible = 0;
		};
/* End XCConfigurationList section */
	};
	rootObject = C680AC311BCCD5B50021187B /* Project object */;
}
